// !$*UTF8*$!
{
	archiveVersion = 1;
	classes = {
	};
	objectVersion = 56;
	objects = {

/* Begin PBXBuildFile section */
		702B37472C543B3E003BF42D /* Montserrat-Regular.ttf in Resources */ = {isa = PBXBuildFile; fileRef = 702B37462C543B3D003BF42D /* Montserrat-Regular.ttf */; };
		702B374B2C543D84003BF42D /* Montserrat-Bold.ttf in Resources */ = {isa = PBXBuildFile; fileRef = 702B374A2C543D84003BF42D /* Montserrat-Bold.ttf */; };
		702B374D2C543D8F003BF42D /* Montserrat-SemiBold.ttf in Resources */ = {isa = PBXBuildFile; fileRef = 702B374C2C543D8F003BF42D /* Montserrat-SemiBold.ttf */; };
		702B37512C54581A003BF42D /* MainButtonStyle.swift in Sources */ = {isa = PBXBuildFile; fileRef = 702B37502C54581A003BF42D /* MainButtonStyle.swift */; };
		702B37532C545B34003BF42D /* OnboardingView.swift in Sources */ = {isa = PBXBuildFile; fileRef = 702B37522C545B33003BF42D /* OnboardingView.swift */; };
		702B37552C546911003BF42D /* TextFieldDataView.swift in Sources */ = {isa = PBXBuildFile; fileRef = 702B37542C546911003BF42D /* TextFieldDataView.swift */; };
		702B37572C547CA2003BF42D /* TextFieldSecurityView.swift in Sources */ = {isa = PBXBuildFile; fileRef = 702B37562C547CA2003BF42D /* TextFieldSecurityView.swift */; };
		702B37592C54807E003BF42D /* SecurityFieldTextFieldData.swift in Sources */ = {isa = PBXBuildFile; fileRef = 702B37582C54807E003BF42D /* SecurityFieldTextFieldData.swift */; };
		702B375F2C548FAA003BF42D /* SignInWithAppleButtonStyle.swift in Sources */ = {isa = PBXBuildFile; fileRef = 702B375E2C548FAA003BF42D /* SignInWithAppleButtonStyle.swift */; };
		702B37622C549C9F003BF42D /* SignUpView.swift in Sources */ = {isa = PBXBuildFile; fileRef = 702B37612C549C9F003BF42D /* SignUpView.swift */; };
		702B37642C549D80003BF42D /* UpperFrame.swift in Sources */ = {isa = PBXBuildFile; fileRef = 702B37632C549D80003BF42D /* UpperFrame.swift */; };
		702B37662C549F8A003BF42D /* UIDeviceOrientation.swift in Sources */ = {isa = PBXBuildFile; fileRef = 702B37652C549F8A003BF42D /* UIDeviceOrientation.swift */; };
		702B37692C54BA95003BF42D /* TypeOfUsers.swift in Sources */ = {isa = PBXBuildFile; fileRef = 702B37682C54BA95003BF42D /* TypeOfUsers.swift */; };
		703AE8E82C52A16F007FEC4C /* MedicalConnectApp.swift in Sources */ = {isa = PBXBuildFile; fileRef = 703AE8E72C52A16F007FEC4C /* MedicalConnectApp.swift */; };
		703AE8EA2C52A16F007FEC4C /* StartingView.swift in Sources */ = {isa = PBXBuildFile; fileRef = 703AE8E92C52A16F007FEC4C /* StartingView.swift */; };
		703AE8EC2C52A172007FEC4C /* Assets.xcassets in Resources */ = {isa = PBXBuildFile; fileRef = 703AE8EB2C52A172007FEC4C /* Assets.xcassets */; };
		703AE8EF2C52A172007FEC4C /* Preview Assets.xcassets in Resources */ = {isa = PBXBuildFile; fileRef = 703AE8EE2C52A172007FEC4C /* Preview Assets.xcassets */; };
		70FBEF432C54C2D2004FDA53 /* UserSignupFormView.swift in Sources */ = {isa = PBXBuildFile; fileRef = 70FBEF422C54C2D1004FDA53 /* UserSignupFormView.swift */; };
		70FBEF472C54C72B004FDA53 /* DoctorSignupFormView.swift in Sources */ = {isa = PBXBuildFile; fileRef = 70FBEF462C54C72B004FDA53 /* DoctorSignupFormView.swift */; };
/* End PBXBuildFile section */

/* Begin PBXFileReference section */
		702B37462C543B3D003BF42D /* Montserrat-Regular.ttf */ = {isa = PBXFileReference; lastKnownFileType = file; path = "Montserrat-Regular.ttf"; sourceTree = "<group>"; };
		702B37492C543D5F003BF42D /* Info.plist */ = {isa = PBXFileReference; lastKnownFileType = text.plist; path = Info.plist; sourceTree = "<group>"; };
		702B374A2C543D84003BF42D /* Montserrat-Bold.ttf */ = {isa = PBXFileReference; lastKnownFileType = file; path = "Montserrat-Bold.ttf"; sourceTree = "<group>"; };
		702B374C2C543D8F003BF42D /* Montserrat-SemiBold.ttf */ = {isa = PBXFileReference; lastKnownFileType = file; path = "Montserrat-SemiBold.ttf"; sourceTree = "<group>"; };
		702B37502C54581A003BF42D /* MainButtonStyle.swift */ = {isa = PBXFileReference; lastKnownFileType = sourcecode.swift; path = MainButtonStyle.swift; sourceTree = "<group>"; };
		702B37522C545B33003BF42D /* OnboardingView.swift */ = {isa = PBXFileReference; lastKnownFileType = sourcecode.swift; path = OnboardingView.swift; sourceTree = "<group>"; };
		702B37542C546911003BF42D /* TextFieldDataView.swift */ = {isa = PBXFileReference; lastKnownFileType = sourcecode.swift; path = TextFieldDataView.swift; sourceTree = "<group>"; };
		702B37562C547CA2003BF42D /* TextFieldSecurityView.swift */ = {isa = PBXFileReference; lastKnownFileType = sourcecode.swift; path = TextFieldSecurityView.swift; sourceTree = "<group>"; };
		702B37582C54807E003BF42D /* SecurityFieldTextFieldData.swift */ = {isa = PBXFileReference; lastKnownFileType = sourcecode.swift; path = SecurityFieldTextFieldData.swift; sourceTree = "<group>"; };
		702B375E2C548FAA003BF42D /* SignInWithAppleButtonStyle.swift */ = {isa = PBXFileReference; lastKnownFileType = sourcecode.swift; path = SignInWithAppleButtonStyle.swift; sourceTree = "<group>"; };
		702B37612C549C9F003BF42D /* SignUpView.swift */ = {isa = PBXFileReference; lastKnownFileType = sourcecode.swift; path = SignUpView.swift; sourceTree = "<group>"; };
		702B37632C549D80003BF42D /* UpperFrame.swift */ = {isa = PBXFileReference; lastKnownFileType = sourcecode.swift; path = UpperFrame.swift; sourceTree = "<group>"; };
		702B37652C549F8A003BF42D /* UIDeviceOrientation.swift */ = {isa = PBXFileReference; lastKnownFileType = sourcecode.swift; path = UIDeviceOrientation.swift; sourceTree = "<group>"; };
		702B37682C54BA95003BF42D /* TypeOfUsers.swift */ = {isa = PBXFileReference; lastKnownFileType = sourcecode.swift; path = TypeOfUsers.swift; sourceTree = "<group>"; };
		703AE8E42C52A16F007FEC4C /* MedicalConnect.app */ = {isa = PBXFileReference; explicitFileType = wrapper.application; includeInIndex = 0; path = MedicalConnect.app; sourceTree = BUILT_PRODUCTS_DIR; };
		703AE8E72C52A16F007FEC4C /* MedicalConnectApp.swift */ = {isa = PBXFileReference; lastKnownFileType = sourcecode.swift; path = MedicalConnectApp.swift; sourceTree = "<group>"; };
		703AE8E92C52A16F007FEC4C /* StartingView.swift */ = {isa = PBXFileReference; lastKnownFileType = sourcecode.swift; path = StartingView.swift; sourceTree = "<group>"; };
		703AE8EB2C52A172007FEC4C /* Assets.xcassets */ = {isa = PBXFileReference; lastKnownFileType = folder.assetcatalog; path = Assets.xcassets; sourceTree = "<group>"; };
		703AE8EE2C52A172007FEC4C /* Preview Assets.xcassets */ = {isa = PBXFileReference; lastKnownFileType = folder.assetcatalog; path = "Preview Assets.xcassets"; sourceTree = "<group>"; };
		70FBEF422C54C2D1004FDA53 /* UserSignupFormView.swift */ = {isa = PBXFileReference; lastKnownFileType = sourcecode.swift; name = UserSignupFormView.swift; path = MedicalConnect/Users/UserSignupFormView.swift; sourceTree = SOURCE_ROOT; };
		70FBEF462C54C72B004FDA53 /* DoctorSignupFormView.swift */ = {isa = PBXFileReference; lastKnownFileType = sourcecode.swift; path = DoctorSignupFormView.swift; sourceTree = "<group>"; };
/* End PBXFileReference section */

/* Begin PBXFrameworksBuildPhase section */
		703AE8E12C52A16F007FEC4C /* Frameworks */ = {
			isa = PBXFrameworksBuildPhase;
			buildActionMask = 2147483647;
			files = (
			);
			runOnlyForDeploymentPostprocessing = 0;
		};
/* End PBXFrameworksBuildPhase section */

/* Begin PBXGroup section */
		702B37452C543941003BF42D /* Components */ = {
			isa = PBXGroup;
			children = (
				702B375D2C548EFE003BF42D /* ButtonStyles */,
				702B375A2C5480B2003BF42D /* SecurityTextField */,
				702B37542C546911003BF42D /* TextFieldDataView.swift */,
				702B37632C549D80003BF42D /* UpperFrame.swift */,
				702B37652C549F8A003BF42D /* UIDeviceOrientation.swift */,
			);
			path = Components;
			sourceTree = "<group>";
		};
		702B37482C543CC8003BF42D /* Fonts */ = {
			isa = PBXGroup;
			children = (
				702B374C2C543D8F003BF42D /* Montserrat-SemiBold.ttf */,
				702B374A2C543D84003BF42D /* Montserrat-Bold.ttf */,
				702B37462C543B3D003BF42D /* Montserrat-Regular.ttf */,
			);
			path = Fonts;
			sourceTree = "<group>";
		};
		702B375A2C5480B2003BF42D /* SecurityTextField */ = {
			isa = PBXGroup;
			children = (
				702B37582C54807E003BF42D /* SecurityFieldTextFieldData.swift */,
				702B37562C547CA2003BF42D /* TextFieldSecurityView.swift */,
			);
			path = SecurityTextField;
			sourceTree = "<group>";
		};
		702B375D2C548EFE003BF42D /* ButtonStyles */ = {
			isa = PBXGroup;
			children = (
				702B37502C54581A003BF42D /* MainButtonStyle.swift */,
				702B375E2C548FAA003BF42D /* SignInWithAppleButtonStyle.swift */,
			);
			path = ButtonStyles;
			sourceTree = "<group>";
		};
		702B37602C549B7F003BF42D /* MainViews */ = {
			isa = PBXGroup;
			children = (
				703AE8E92C52A16F007FEC4C /* StartingView.swift */,
				702B37522C545B33003BF42D /* OnboardingView.swift */,
				702B37612C549C9F003BF42D /* SignUpView.swift */,
			);
			name = MainViews;
			path = Components/MainViews;
			sourceTree = "<group>";
		};
		702B37672C54BA4D003BF42D /* Users */ = {
			isa = PBXGroup;
			children = (
				70FBEF422C54C2D1004FDA53 /* UserSignupFormView.swift */,
				70FBEF442C54C6AE004FDA53 /* Doctor */,
				702B376A2C54C160003BF42D /* Patient */,
				702B37682C54BA95003BF42D /* TypeOfUsers.swift */,
			);
			path = Users;
			sourceTree = "<group>";
		};
		702B376A2C54C160003BF42D /* Patient */ = {
			isa = PBXGroup;
			children = (
				702B376D2C54C17B003BF42D /* View */,
			);
			path = Patient;
			sourceTree = "<group>";
		};
		702B376D2C54C17B003BF42D /* View */ = {
			isa = PBXGroup;
			children = (
			);
			path = View;
			sourceTree = "<group>";
		};
		703AE8DB2C52A16F007FEC4C = {
			isa = PBXGroup;
			children = (
				703AE8E62C52A16F007FEC4C /* MedicalConnect */,
				703AE8E52C52A16F007FEC4C /* Products */,
			);
			sourceTree = "<group>";
		};
		703AE8E52C52A16F007FEC4C /* Products */ = {
			isa = PBXGroup;
			children = (
				703AE8E42C52A16F007FEC4C /* MedicalConnect.app */,
			);
			name = Products;
			sourceTree = "<group>";
		};
		703AE8E62C52A16F007FEC4C /* MedicalConnect */ = {
			isa = PBXGroup;
			children = (
				702B37492C543D5F003BF42D /* Info.plist */,
				702B37672C54BA4D003BF42D /* Users */,
				702B37602C549B7F003BF42D /* MainViews */,
				702B37452C543941003BF42D /* Components */,
				703AE8E72C52A16F007FEC4C /* MedicalConnectApp.swift */,
				703AE8EB2C52A172007FEC4C /* Assets.xcassets */,
				702B37482C543CC8003BF42D /* Fonts */,
				703AE8ED2C52A172007FEC4C /* Preview Content */,
			);
			path = MedicalConnect;
			sourceTree = "<group>";
		};
		703AE8ED2C52A172007FEC4C /* Preview Content */ = {
			isa = PBXGroup;
			children = (
				703AE8EE2C52A172007FEC4C /* Preview Assets.xcassets */,
			);
			path = "Preview Content";
			sourceTree = "<group>";
		};
		70FBEF442C54C6AE004FDA53 /* Doctor */ = {
			isa = PBXGroup;
			children = (
				70FBEF452C54C6E8004FDA53 /* View */,
			);
			path = Doctor;
			sourceTree = "<group>";
		};
		70FBEF452C54C6E8004FDA53 /* View */ = {
			isa = PBXGroup;
			children = (
				70FBEF462C54C72B004FDA53 /* DoctorSignupFormView.swift */,
			);
			name = View;
			path = ../View;
			sourceTree = "<group>";
		};
/* End PBXGroup section */

/* Begin PBXNativeTarget section */
		703AE8E32C52A16F007FEC4C /* MedicalConnect */ = {
			isa = PBXNativeTarget;
			buildConfigurationList = 703AE8F22C52A172007FEC4C /* Build configuration list for PBXNativeTarget "MedicalConnect" */;
			buildPhases = (
				703AE8E02C52A16F007FEC4C /* Sources */,
				703AE8E12C52A16F007FEC4C /* Frameworks */,
				703AE8E22C52A16F007FEC4C /* Resources */,
			);
			buildRules = (
			);
			dependencies = (
			);
			name = MedicalConnect;
			productName = MedicalConnect;
			productReference = 703AE8E42C52A16F007FEC4C /* MedicalConnect.app */;
			productType = "com.apple.product-type.application";
		};
/* End PBXNativeTarget section */

/* Begin PBXProject section */
		703AE8DC2C52A16F007FEC4C /* Project object */ = {
			isa = PBXProject;
			attributes = {
				BuildIndependentTargetsInParallel = 1;
				LastSwiftUpdateCheck = 1530;
				LastUpgradeCheck = 1530;
				TargetAttributes = {
					703AE8E32C52A16F007FEC4C = {
						CreatedOnToolsVersion = 15.3;
					};
				};
			};
			buildConfigurationList = 703AE8DF2C52A16F007FEC4C /* Build configuration list for PBXProject "MedicalConnect" */;
			compatibilityVersion = "Xcode 14.0";
			developmentRegion = en;
			hasScannedForEncodings = 0;
			knownRegions = (
				en,
				Base,
			);
			mainGroup = 703AE8DB2C52A16F007FEC4C;
			productRefGroup = 703AE8E52C52A16F007FEC4C /* Products */;
			projectDirPath = "";
			projectRoot = "";
			targets = (
				703AE8E32C52A16F007FEC4C /* MedicalConnect */,
			);
		};
/* End PBXProject section */

/* Begin PBXResourcesBuildPhase section */
		703AE8E22C52A16F007FEC4C /* Resources */ = {
			isa = PBXResourcesBuildPhase;
			buildActionMask = 2147483647;
			files = (
				702B374B2C543D84003BF42D /* Montserrat-Bold.ttf in Resources */,
				702B37472C543B3E003BF42D /* Montserrat-Regular.ttf in Resources */,
				703AE8EF2C52A172007FEC4C /* Preview Assets.xcassets in Resources */,
				703AE8EC2C52A172007FEC4C /* Assets.xcassets in Resources */,
				702B374D2C543D8F003BF42D /* Montserrat-SemiBold.ttf in Resources */,
			);
			runOnlyForDeploymentPostprocessing = 0;
		};
/* End PBXResourcesBuildPhase section */

/* Begin PBXSourcesBuildPhase section */
		703AE8E02C52A16F007FEC4C /* Sources */ = {
			isa = PBXSourcesBuildPhase;
			buildActionMask = 2147483647;
			files = (
				703AE8EA2C52A16F007FEC4C /* StartingView.swift in Sources */,
				702B37532C545B34003BF42D /* OnboardingView.swift in Sources */,
				703AE8E82C52A16F007FEC4C /* MedicalConnectApp.swift in Sources */,
				702B37662C549F8A003BF42D /* UIDeviceOrientation.swift in Sources */,
				702B37592C54807E003BF42D /* SecurityFieldTextFieldData.swift in Sources */,
				70FBEF432C54C2D2004FDA53 /* UserSignupFormView.swift in Sources */,
				702B375F2C548FAA003BF42D /* SignInWithAppleButtonStyle.swift in Sources */,
				702B37552C546911003BF42D /* TextFieldDataView.swift in Sources */,
				702B37642C549D80003BF42D /* UpperFrame.swift in Sources */,
				702B37572C547CA2003BF42D /* TextFieldSecurityView.swift in Sources */,
				702B37692C54BA95003BF42D /* TypeOfUsers.swift in Sources */,
				702B37622C549C9F003BF42D /* SignUpView.swift in Sources */,
				702B37512C54581A003BF42D /* MainButtonStyle.swift in Sources */,
				70FBEF472C54C72B004FDA53 /* DoctorSignupFormView.swift in Sources */,
			);
			runOnlyForDeploymentPostprocessing = 0;
		};
/* End PBXSourcesBuildPhase section */

/* Begin XCBuildConfiguration section */
		703AE8F02C52A172007FEC4C /* Debug */ = {
			isa = XCBuildConfiguration;
			buildSettings = {
				ALWAYS_SEARCH_USER_PATHS = NO;
				ASSETCATALOG_COMPILER_GENERATE_SWIFT_ASSET_SYMBOL_EXTENSIONS = YES;
				CLANG_ANALYZER_NONNULL = YES;
				CLANG_ANALYZER_NUMBER_OBJECT_CONVERSION = YES_AGGRESSIVE;
				CLANG_CXX_LANGUAGE_STANDARD = "gnu++20";
				CLANG_ENABLE_MODULES = YES;
				CLANG_ENABLE_OBJC_ARC = YES;
				CLANG_ENABLE_OBJC_WEAK = YES;
				CLANG_WARN_BLOCK_CAPTURE_AUTORELEASING = YES;
				CLANG_WARN_BOOL_CONVERSION = YES;
				CLANG_WARN_COMMA = YES;
				CLANG_WARN_CONSTANT_CONVERSION = YES;
				CLANG_WARN_DEPRECATED_OBJC_IMPLEMENTATIONS = YES;
				CLANG_WARN_DIRECT_OBJC_ISA_USAGE = YES_ERROR;
				CLANG_WARN_DOCUMENTATION_COMMENTS = YES;
				CLANG_WARN_EMPTY_BODY = YES;
				CLANG_WARN_ENUM_CONVERSION = YES;
				CLANG_WARN_INFINITE_RECURSION = YES;
				CLANG_WARN_INT_CONVERSION = YES;
				CLANG_WARN_NON_LITERAL_NULL_CONVERSION = YES;
				CLANG_WARN_OBJC_IMPLICIT_RETAIN_SELF = YES;
				CLANG_WARN_OBJC_LITERAL_CONVERSION = YES;
				CLANG_WARN_OBJC_ROOT_CLASS = YES_ERROR;
				CLANG_WARN_QUOTED_INCLUDE_IN_FRAMEWORK_HEADER = YES;
				CLANG_WARN_RANGE_LOOP_ANALYSIS = YES;
				CLANG_WARN_STRICT_PROTOTYPES = YES;
				CLANG_WARN_SUSPICIOUS_MOVE = YES;
				CLANG_WARN_UNGUARDED_AVAILABILITY = YES_AGGRESSIVE;
				CLANG_WARN_UNREACHABLE_CODE = YES;
				CLANG_WARN__DUPLICATE_METHOD_MATCH = YES;
				COPY_PHASE_STRIP = NO;
				DEBUG_INFORMATION_FORMAT = dwarf;
				ENABLE_STRICT_OBJC_MSGSEND = YES;
				ENABLE_TESTABILITY = YES;
				ENABLE_USER_SCRIPT_SANDBOXING = YES;
				GCC_C_LANGUAGE_STANDARD = gnu17;
				GCC_DYNAMIC_NO_PIC = NO;
				GCC_NO_COMMON_BLOCKS = YES;
				GCC_OPTIMIZATION_LEVEL = 0;
				GCC_PREPROCESSOR_DEFINITIONS = (
					"DEBUG=1",
					"$(inherited)",
				);
				GCC_WARN_64_TO_32_BIT_CONVERSION = YES;
				GCC_WARN_ABOUT_RETURN_TYPE = YES_ERROR;
				GCC_WARN_UNDECLARED_SELECTOR = YES;
				GCC_WARN_UNINITIALIZED_AUTOS = YES_AGGRESSIVE;
				GCC_WARN_UNUSED_FUNCTION = YES;
				GCC_WARN_UNUSED_VARIABLE = YES;
				IPHONEOS_DEPLOYMENT_TARGET = 17.4;
				LOCALIZATION_PREFERS_STRING_CATALOGS = YES;
				MTL_ENABLE_DEBUG_INFO = INCLUDE_SOURCE;
				MTL_FAST_MATH = YES;
				ONLY_ACTIVE_ARCH = YES;
				SDKROOT = iphoneos;
				SWIFT_ACTIVE_COMPILATION_CONDITIONS = "DEBUG $(inherited)";
				SWIFT_OPTIMIZATION_LEVEL = "-Onone";
			};
			name = Debug;
		};
		703AE8F12C52A172007FEC4C /* Release */ = {
			isa = XCBuildConfiguration;
			buildSettings = {
				ALWAYS_SEARCH_USER_PATHS = NO;
				ASSETCATALOG_COMPILER_GENERATE_SWIFT_ASSET_SYMBOL_EXTENSIONS = YES;
				CLANG_ANALYZER_NONNULL = YES;
				CLANG_ANALYZER_NUMBER_OBJECT_CONVERSION = YES_AGGRESSIVE;
				CLANG_CXX_LANGUAGE_STANDARD = "gnu++20";
				CLANG_ENABLE_MODULES = YES;
				CLANG_ENABLE_OBJC_ARC = YES;
				CLANG_ENABLE_OBJC_WEAK = YES;
				CLANG_WARN_BLOCK_CAPTURE_AUTORELEASING = YES;
				CLANG_WARN_BOOL_CONVERSION = YES;
				CLANG_WARN_COMMA = YES;
				CLANG_WARN_CONSTANT_CONVERSION = YES;
				CLANG_WARN_DEPRECATED_OBJC_IMPLEMENTATIONS = YES;
				CLANG_WARN_DIRECT_OBJC_ISA_USAGE = YES_ERROR;
				CLANG_WARN_DOCUMENTATION_COMMENTS = YES;
				CLANG_WARN_EMPTY_BODY = YES;
				CLANG_WARN_ENUM_CONVERSION = YES;
				CLANG_WARN_INFINITE_RECURSION = YES;
				CLANG_WARN_INT_CONVERSION = YES;
				CLANG_WARN_NON_LITERAL_NULL_CONVERSION = YES;
				CLANG_WARN_OBJC_IMPLICIT_RETAIN_SELF = YES;
				CLANG_WARN_OBJC_LITERAL_CONVERSION = YES;
				CLANG_WARN_OBJC_ROOT_CLASS = YES_ERROR;
				CLANG_WARN_QUOTED_INCLUDE_IN_FRAMEWORK_HEADER = YES;
				CLANG_WARN_RANGE_LOOP_ANALYSIS = YES;
				CLANG_WARN_STRICT_PROTOTYPES = YES;
				CLANG_WARN_SUSPICIOUS_MOVE = YES;
				CLANG_WARN_UNGUARDED_AVAILABILITY = YES_AGGRESSIVE;
				CLANG_WARN_UNREACHABLE_CODE = YES;
				CLANG_WARN__DUPLICATE_METHOD_MATCH = YES;
				COPY_PHASE_STRIP = NO;
				DEBUG_INFORMATION_FORMAT = "dwarf-with-dsym";
				ENABLE_NS_ASSERTIONS = NO;
				ENABLE_STRICT_OBJC_MSGSEND = YES;
				ENABLE_USER_SCRIPT_SANDBOXING = YES;
				GCC_C_LANGUAGE_STANDARD = gnu17;
				GCC_NO_COMMON_BLOCKS = YES;
				GCC_WARN_64_TO_32_BIT_CONVERSION = YES;
				GCC_WARN_ABOUT_RETURN_TYPE = YES_ERROR;
				GCC_WARN_UNDECLARED_SELECTOR = YES;
				GCC_WARN_UNINITIALIZED_AUTOS = YES_AGGRESSIVE;
				GCC_WARN_UNUSED_FUNCTION = YES;
				GCC_WARN_UNUSED_VARIABLE = YES;
				IPHONEOS_DEPLOYMENT_TARGET = 17.4;
				LOCALIZATION_PREFERS_STRING_CATALOGS = YES;
				MTL_ENABLE_DEBUG_INFO = NO;
				MTL_FAST_MATH = YES;
				SDKROOT = iphoneos;
				SWIFT_COMPILATION_MODE = wholemodule;
				VALIDATE_PRODUCT = YES;
			};
			name = Release;
		};
		703AE8F32C52A172007FEC4C /* Debug */ = {
			isa = XCBuildConfiguration;
			buildSettings = {
				ASSETCATALOG_COMPILER_APPICON_NAME = AppIcon;
				ASSETCATALOG_COMPILER_GLOBAL_ACCENT_COLOR_NAME = AccentColor;
				CODE_SIGN_STYLE = Automatic;
				CURRENT_PROJECT_VERSION = 1;
				DEVELOPMENT_ASSET_PATHS = "\"MedicalConnect/Preview Content\"";
				DEVELOPMENT_TEAM = 5UVUR3L7C9;
				ENABLE_PREVIEWS = YES;
				GENERATE_INFOPLIST_FILE = YES;
				INFOPLIST_FILE = MedicalConnect/Info.plist;
				INFOPLIST_KEY_UIApplicationSceneManifest_Generation = YES;
				INFOPLIST_KEY_UIApplicationSupportsIndirectInputEvents = YES;
				INFOPLIST_KEY_UILaunchScreen_Generation = YES;
				INFOPLIST_KEY_UISupportedInterfaceOrientations_iPad = "UIInterfaceOrientationPortrait UIInterfaceOrientationPortraitUpsideDown UIInterfaceOrientationLandscapeLeft UIInterfaceOrientationLandscapeRight";
				INFOPLIST_KEY_UISupportedInterfaceOrientations_iPhone = "UIInterfaceOrientationPortrait UIInterfaceOrientationLandscapeLeft UIInterfaceOrientationLandscapeRight";
				LD_RUNPATH_SEARCH_PATHS = (
					"$(inherited)",
					"@executable_path/Frameworks",
				);
				MARKETING_VERSION = 1.0;
				PRODUCT_BUNDLE_IDENTIFIER = com.DulceVigueras.MedicalConnect;
				PRODUCT_NAME = "$(TARGET_NAME)";
				SWIFT_EMIT_LOC_STRINGS = YES;
				SWIFT_VERSION = 5.0;
				TARGETED_DEVICE_FAMILY = "1,2";
			};
			name = Debug;
		};
		703AE8F42C52A172007FEC4C /* Release */ = {
			isa = XCBuildConfiguration;
			buildSettings = {
				ASSETCATALOG_COMPILER_APPICON_NAME = AppIcon;
				ASSETCATALOG_COMPILER_GLOBAL_ACCENT_COLOR_NAME = AccentColor;
				CODE_SIGN_STYLE = Automatic;
				CURRENT_PROJECT_VERSION = 1;
				DEVELOPMENT_ASSET_PATHS = "\"MedicalConnect/Preview Content\"";
				DEVELOPMENT_TEAM = 5UVUR3L7C9;
				ENABLE_PREVIEWS = YES;
				GENERATE_INFOPLIST_FILE = YES;
				INFOPLIST_FILE = MedicalConnect/Info.plist;
				INFOPLIST_KEY_UIApplicationSceneManifest_Generation = YES;
				INFOPLIST_KEY_UIApplicationSupportsIndirectInputEvents = YES;
				INFOPLIST_KEY_UILaunchScreen_Generation = YES;
				INFOPLIST_KEY_UISupportedInterfaceOrientations_iPad = "UIInterfaceOrientationPortrait UIInterfaceOrientationPortraitUpsideDown UIInterfaceOrientationLandscapeLeft UIInterfaceOrientationLandscapeRight";
				INFOPLIST_KEY_UISupportedInterfaceOrientations_iPhone = "UIInterfaceOrientationPortrait UIInterfaceOrientationLandscapeLeft UIInterfaceOrientationLandscapeRight";
				LD_RUNPATH_SEARCH_PATHS = (
					"$(inherited)",
					"@executable_path/Frameworks",
				);
				MARKETING_VERSION = 1.0;
				PRODUCT_BUNDLE_IDENTIFIER = com.DulceVigueras.MedicalConnect;
				PRODUCT_NAME = "$(TARGET_NAME)";
				SWIFT_EMIT_LOC_STRINGS = YES;
				SWIFT_VERSION = 5.0;
				TARGETED_DEVICE_FAMILY = "1,2";
			};
			name = Release;
		};
/* End XCBuildConfiguration section */

/* Begin XCConfigurationList section */
		703AE8DF2C52A16F007FEC4C /* Build configuration list for PBXProject "MedicalConnect" */ = {
			isa = XCConfigurationList;
			buildConfigurations = (
				703AE8F02C52A172007FEC4C /* Debug */,
				703AE8F12C52A172007FEC4C /* Release */,
			);
			defaultConfigurationIsVisible = 0;
			defaultConfigurationName = Release;
		};
		703AE8F22C52A172007FEC4C /* Build configuration list for PBXNativeTarget "MedicalConnect" */ = {
			isa = XCConfigurationList;
			buildConfigurations = (
				703AE8F32C52A172007FEC4C /* Debug */,
				703AE8F42C52A172007FEC4C /* Release */,
			);
			defaultConfigurationIsVisible = 0;
			defaultConfigurationName = Release;
		};
/* End XCConfigurationList section */
	};
	rootObject = 703AE8DC2C52A16F007FEC4C /* Project object */;
}
