// !$*UTF8*$!
{
	archiveVersion = 1;
	classes = {
	};
	objectVersion = 56;
	objects = {

/* Begin PBXBuildFile section */
		7005D7912C5B4D2700F6C234 /* Doctor Suffix.swift in Sources */ = {isa = PBXBuildFile; fileRef = 7005D7902C5B4D2700F6C234 /* Doctor Suffix.swift */; };
		7005D7932C5B6FE000F6C234 /* PatientManager.swift in Sources */ = {isa = PBXBuildFile; fileRef = 7005D7922C5B6FE000F6C234 /* PatientManager.swift */; };
		7005D7952C5B7C0D00F6C234 /* HashTagView.swift in Sources */ = {isa = PBXBuildFile; fileRef = 7005D7942C5B7C0D00F6C234 /* HashTagView.swift */; };
		70205E1E2C58C37100B7381B /* MyDataFrameView.swift in Sources */ = {isa = PBXBuildFile; fileRef = 70205E1D2C58C37100B7381B /* MyDataFrameView.swift */; };
		70205E202C58C7C400B7381B /* MyDataView.swift in Sources */ = {isa = PBXBuildFile; fileRef = 70205E1F2C58C7C400B7381B /* MyDataView.swift */; };
		70205E222C58C9A500B7381B /* MyAppointmentsHistoryView.swift in Sources */ = {isa = PBXBuildFile; fileRef = 70205E212C58C9A500B7381B /* MyAppointmentsHistoryView.swift */; };
		70205E242C58C9F000B7381B /* MyAppointmentRowView.swift in Sources */ = {isa = PBXBuildFile; fileRef = 70205E232C58C9F000B7381B /* MyAppointmentRowView.swift */; };
		70205E262C58CDB800B7381B /* MyMedicalRecordsHistory.swift in Sources */ = {isa = PBXBuildFile; fileRef = 70205E252C58CDB800B7381B /* MyMedicalRecordsHistory.swift */; };
		70205E282C58CE9900B7381B /* AppointmentCardView.swift in Sources */ = {isa = PBXBuildFile; fileRef = 70205E272C58CE9900B7381B /* AppointmentCardView.swift */; };
		70220A452C56281100ADAA7B /* ProfileDocView.swift in Sources */ = {isa = PBXBuildFile; fileRef = 70220A442C56281100ADAA7B /* ProfileDocView.swift */; };
		702B37472C543B3E003BF42D /* Montserrat-Regular.ttf in Resources */ = {isa = PBXBuildFile; fileRef = 702B37462C543B3D003BF42D /* Montserrat-Regular.ttf */; };
		702B374B2C543D84003BF42D /* Montserrat-Bold.ttf in Resources */ = {isa = PBXBuildFile; fileRef = 702B374A2C543D84003BF42D /* Montserrat-Bold.ttf */; };
		702B374D2C543D8F003BF42D /* Montserrat-SemiBold.ttf in Resources */ = {isa = PBXBuildFile; fileRef = 702B374C2C543D8F003BF42D /* Montserrat-SemiBold.ttf */; };
		702B37512C54581A003BF42D /* MainButtonStyle.swift in Sources */ = {isa = PBXBuildFile; fileRef = 702B37502C54581A003BF42D /* MainButtonStyle.swift */; };
		702B37532C545B34003BF42D /* OnboardingView.swift in Sources */ = {isa = PBXBuildFile; fileRef = 702B37522C545B33003BF42D /* OnboardingView.swift */; };
		702B37552C546911003BF42D /* TextFieldDataView.swift in Sources */ = {isa = PBXBuildFile; fileRef = 702B37542C546911003BF42D /* TextFieldDataView.swift */; };
		702B37572C547CA2003BF42D /* TextFieldSecurityView.swift in Sources */ = {isa = PBXBuildFile; fileRef = 702B37562C547CA2003BF42D /* TextFieldSecurityView.swift */; };
		702B37592C54807E003BF42D /* SecurityFieldTextFieldData.swift in Sources */ = {isa = PBXBuildFile; fileRef = 702B37582C54807E003BF42D /* SecurityFieldTextFieldData.swift */; };
		702B375F2C548FAA003BF42D /* SignInWithAppleButtonStyle.swift in Sources */ = {isa = PBXBuildFile; fileRef = 702B375E2C548FAA003BF42D /* SignInWithAppleButtonStyle.swift */; };
		702B37622C549C9F003BF42D /* SignUpView.swift in Sources */ = {isa = PBXBuildFile; fileRef = 702B37612C549C9F003BF42D /* SignUpView.swift */; };
		702B37642C549D80003BF42D /* UpperFrame.swift in Sources */ = {isa = PBXBuildFile; fileRef = 702B37632C549D80003BF42D /* UpperFrame.swift */; };
		702B37662C549F8A003BF42D /* UIDeviceOrientation.swift in Sources */ = {isa = PBXBuildFile; fileRef = 702B37652C549F8A003BF42D /* UIDeviceOrientation.swift */; };
		702B37692C54BA95003BF42D /* TypeOfUsers.swift in Sources */ = {isa = PBXBuildFile; fileRef = 702B37682C54BA95003BF42D /* TypeOfUsers.swift */; };
		703A4ED72C55AE5200ECA09B /* ConfigServices.swift in Sources */ = {isa = PBXBuildFile; fileRef = 703A4ED62C55AE5200ECA09B /* ConfigServices.swift */; };
		703A4ED92C55B1BB00ECA09B /* Service.swift in Sources */ = {isa = PBXBuildFile; fileRef = 703A4ED82C55B1BB00ECA09B /* Service.swift */; };
		703A4EDE2C55C9BC00ECA09B /* Doctor.swift in Sources */ = {isa = PBXBuildFile; fileRef = 703A4EDD2C55C9BC00ECA09B /* Doctor.swift */; };
		703A4EE22C55CBB800ECA09B /* Patient.swift in Sources */ = {isa = PBXBuildFile; fileRef = 703A4EE12C55CBB800ECA09B /* Patient.swift */; };
		703A4EE42C55CF1800ECA09B /* DoctorRowView.swift in Sources */ = {isa = PBXBuildFile; fileRef = 703A4EE32C55CF1800ECA09B /* DoctorRowView.swift */; };
		703A4EE72C55D97A00ECA09B /* DoctorServicesCardView.swift in Sources */ = {isa = PBXBuildFile; fileRef = 703A4EE62C55D97A00ECA09B /* DoctorServicesCardView.swift */; };
		703A4EE92C55EF0F00ECA09B /* ResultsView.swift in Sources */ = {isa = PBXBuildFile; fileRef = 703A4EE82C55EF0F00ECA09B /* ResultsView.swift */; };
		703A4EEB2C55F12200ECA09B /* CardAboutDoctorView.swift in Sources */ = {isa = PBXBuildFile; fileRef = 703A4EEA2C55F12200ECA09B /* CardAboutDoctorView.swift */; };
		703AE8E82C52A16F007FEC4C /* MedicalConnectApp.swift in Sources */ = {isa = PBXBuildFile; fileRef = 703AE8E72C52A16F007FEC4C /* MedicalConnectApp.swift */; };
		703AE8EA2C52A16F007FEC4C /* StartingView.swift in Sources */ = {isa = PBXBuildFile; fileRef = 703AE8E92C52A16F007FEC4C /* StartingView.swift */; };
		703AE8EC2C52A172007FEC4C /* Assets.xcassets in Resources */ = {isa = PBXBuildFile; fileRef = 703AE8EB2C52A172007FEC4C /* Assets.xcassets */; };
		703AE8EF2C52A172007FEC4C /* Preview Assets.xcassets in Resources */ = {isa = PBXBuildFile; fileRef = 703AE8EE2C52A172007FEC4C /* Preview Assets.xcassets */; };
		70645B762C5C362800195C96 /* DoctorManager.swift in Sources */ = {isa = PBXBuildFile; fileRef = 70645B752C5C362800195C96 /* DoctorManager.swift */; };
		707154712C587D960044511C /* CelendarView.swift in Sources */ = {isa = PBXBuildFile; fileRef = 707154702C587D960044511C /* CelendarView.swift */; };
		707154762C58883F0044511C /* PatientDataFrameView.swift in Sources */ = {isa = PBXBuildFile; fileRef = 707154752C58883F0044511C /* PatientDataFrameView.swift */; };
		707154782C58B8C50044511C /* MenuProfile.swift in Sources */ = {isa = PBXBuildFile; fileRef = 707154772C58B8C50044511C /* MenuProfile.swift */; };
		7071547A2C58BBE10044511C /* MyMenu.swift in Sources */ = {isa = PBXBuildFile; fileRef = 707154792C58BBE10044511C /* MyMenu.swift */; };
		70760D012C6B0C9000BE8B60 /* Request.swift in Sources */ = {isa = PBXBuildFile; fileRef = 70760D002C6B0C9000BE8B60 /* Request.swift */; };
		70760D032C6B13C100BE8B60 /* NetworkError.swift in Sources */ = {isa = PBXBuildFile; fileRef = 70760D022C6B13C100BE8B60 /* NetworkError.swift */; };
		707CB50D2C684FD8004DF65B /* OnboardingManager.swift in Sources */ = {isa = PBXBuildFile; fileRef = 707CB50C2C684FD8004DF65B /* OnboardingManager.swift */; };
		70856FD12C584D96009C9B74 /* ScheduledAppointmentView.swift in Sources */ = {isa = PBXBuildFile; fileRef = 70856FD02C584D96009C9B74 /* ScheduledAppointmentView.swift */; };
		70856FD52C58523B009C9B74 /* BacgroundMessageView.swift in Sources */ = {isa = PBXBuildFile; fileRef = 70856FD42C58523B009C9B74 /* BacgroundMessageView.swift */; };
		708730472C6964CA0020FE35 /* Tag.swift in Sources */ = {isa = PBXBuildFile; fileRef = 708730462C6964CA0020FE35 /* Tag.swift */; };
		708730492C697E540020FE35 /* TagViewModel.swift in Sources */ = {isa = PBXBuildFile; fileRef = 708730482C697E540020FE35 /* TagViewModel.swift */; };
		7087304B2C6982650020FE35 /* TagView.swift in Sources */ = {isa = PBXBuildFile; fileRef = 7087304A2C6982650020FE35 /* TagView.swift */; };
		7087A1ED2C5992D400A3CEFB /* User.swift in Sources */ = {isa = PBXBuildFile; fileRef = 7087A1EC2C5992D400A3CEFB /* User.swift */; };
		7087A1EF2C599B1400A3CEFB /* WorkDays.swift in Sources */ = {isa = PBXBuildFile; fileRef = 7087A1EE2C599B1400A3CEFB /* WorkDays.swift */; };
		7087A1F52C59D5B400A3CEFB /* Endpoint.swift in Sources */ = {isa = PBXBuildFile; fileRef = 7087A1F42C59D5B400A3CEFB /* Endpoint.swift */; };
		7087A1F72C59D8CC00A3CEFB /* AppEnvironment.swift in Sources */ = {isa = PBXBuildFile; fileRef = 7087A1F62C59D8CC00A3CEFB /* AppEnvironment.swift */; };
		7087A1F92C59D97900A3CEFB /* HTTPMethod.swift in Sources */ = {isa = PBXBuildFile; fileRef = 7087A1F82C59D97900A3CEFB /* HTTPMethod.swift */; };
		7087A1FD2C59DA9300A3CEFB /* AllPatientEndpoints.swift in Sources */ = {isa = PBXBuildFile; fileRef = 7087A1FC2C59DA9300A3CEFB /* AllPatientEndpoints.swift */; };
		7087A2012C5A09DD00A3CEFB /* Router.swift in Sources */ = {isa = PBXBuildFile; fileRef = 7087A2002C5A09DD00A3CEFB /* Router.swift */; };
		7087A2032C5A17A600A3CEFB /* Parser.swift in Sources */ = {isa = PBXBuildFile; fileRef = 7087A2022C5A17A600A3CEFB /* Parser.swift */; };
		7097070D2C5D47C400CE5376 /* SchedulePayAppoinmentView.swift in Sources */ = {isa = PBXBuildFile; fileRef = 7097070C2C5D47C300CE5376 /* SchedulePayAppoinmentView.swift */; };
		709707112C5D4A4000CE5376 /* TotalAPagarFrameView.swift in Sources */ = {isa = PBXBuildFile; fileRef = 709707102C5D4A4000CE5376 /* TotalAPagarFrameView.swift */; };
		709707132C5D4DB600CE5376 /* PaymentMethodCardView.swift in Sources */ = {isa = PBXBuildFile; fileRef = 709707122C5D4DB600CE5376 /* PaymentMethodCardView.swift */; };
		709707162C5D4EDE00CE5376 /* PaymentMethod.swift in Sources */ = {isa = PBXBuildFile; fileRef = 709707152C5D4EDE00CE5376 /* PaymentMethod.swift */; };
		709707182C5D59B000CE5376 /* AppointmenManager.swift in Sources */ = {isa = PBXBuildFile; fileRef = 709707172C5D59B000CE5376 /* AppointmenManager.swift */; };
		7097071A2C5D5DB300CE5376 /* MyCalendarView.swift in Sources */ = {isa = PBXBuildFile; fileRef = 709707192C5D5DB300CE5376 /* MyCalendarView.swift */; };
		7097071D2C5D63B600CE5376 /* Appointment.swift in Sources */ = {isa = PBXBuildFile; fileRef = 7097071C2C5D63B600CE5376 /* Appointment.swift */; };
		70C682422C5CB94500B56003 /* ServiceDetailView.swift in Sources */ = {isa = PBXBuildFile; fileRef = 70C682412C5CB94500B56003 /* ServiceDetailView.swift */; };
		70C6825E2C5CDEF700B56003 /* myMedicalStudiesHistoryView.swift in Sources */ = {isa = PBXBuildFile; fileRef = 70C6825D2C5CDEF700B56003 /* myMedicalStudiesHistoryView.swift */; };
		70C682602C5CEAC500B56003 /* SearchingDoctorView.swift in Sources */ = {isa = PBXBuildFile; fileRef = 70C6825F2C5CEAC500B56003 /* SearchingDoctorView.swift */; };
		70C7263E2C5A9F54009FB7B0 /* OnboardingRouter.swift in Sources */ = {isa = PBXBuildFile; fileRef = 70C7263D2C5A9F54009FB7B0 /* OnboardingRouter.swift */; };
		70C726402C5AA002009FB7B0 /* Route.swift in Sources */ = {isa = PBXBuildFile; fileRef = 70C7263F2C5AA002009FB7B0 /* Route.swift */; };
		70C726432C5AABE0009FB7B0 /* OnbordingValidations.swift in Sources */ = {isa = PBXBuildFile; fileRef = 70C726422C5AABE0009FB7B0 /* OnbordingValidations.swift */; };
		70C726452C5ABCBA009FB7B0 /* DataManager.swift in Sources */ = {isa = PBXBuildFile; fileRef = 70C726442C5ABCBA009FB7B0 /* DataManager.swift */; };
		70D55B4C2C5568FD0025D84D /* HeaderView.swift in Sources */ = {isa = PBXBuildFile; fileRef = 70D55B4B2C5568FD0025D84D /* HeaderView.swift */; };
		70D55B4E2C556A1D0025D84D /* ConfigView.swift in Sources */ = {isa = PBXBuildFile; fileRef = 70D55B4D2C556A1D0025D84D /* ConfigView.swift */; };
		70D55B502C556A360025D84D /* MyProfileView.swift in Sources */ = {isa = PBXBuildFile; fileRef = 70D55B4F2C556A360025D84D /* MyProfileView.swift */; };
		70D55B522C556FAA0025D84D /* MainTabView.swift in Sources */ = {isa = PBXBuildFile; fileRef = 70D55B512C556FAA0025D84D /* MainTabView.swift */; };
		70D9B5AE2C56C0D700E507DD /* DoctorReviewCardView.swift in Sources */ = {isa = PBXBuildFile; fileRef = 70D9B5AD2C56C0D700E507DD /* DoctorReviewCardView.swift */; };
		70D9B5B02C56D2ED00E507DD /* Review.swift in Sources */ = {isa = PBXBuildFile; fileRef = 70D9B5AF2C56D2ED00E507DD /* Review.swift */; };
		70D9B5B22C56E7C000E507DD /* DoctorEvaluationData.swift in Sources */ = {isa = PBXBuildFile; fileRef = 70D9B5B12C56E7C000E507DD /* DoctorEvaluationData.swift */; };
		70D9B5B52C56F18D00E507DD /* TestData.swift in Sources */ = {isa = PBXBuildFile; fileRef = 70D9B5B42C56F18D00E507DD /* TestData.swift */; };
		70F5D0B62C6433180073BCD6 /* TabRouter.swift in Sources */ = {isa = PBXBuildFile; fileRef = 70F5D0B52C6433180073BCD6 /* TabRouter.swift */; };
		70F8D6B82C6D1BF4009AC396 /* EConnectAPIClient.swift in Sources */ = {isa = PBXBuildFile; fileRef = 70F8D6B72C6D1BF4009AC396 /* EConnectAPIClient.swift */; };
		70FBEF432C54C2D2004FDA53 /* UserSignupFormView.swift in Sources */ = {isa = PBXBuildFile; fileRef = 70FBEF422C54C2D1004FDA53 /* UserSignupFormView.swift */; };
		70FBEF472C54C72B004FDA53 /* DoctorSignupFormView.swift in Sources */ = {isa = PBXBuildFile; fileRef = 70FBEF462C54C72B004FDA53 /* DoctorSignupFormView.swift */; };
		70FBEF492C54CA14004FDA53 /* PatientSignupFormView.swift in Sources */ = {isa = PBXBuildFile; fileRef = 70FBEF482C54CA14004FDA53 /* PatientSignupFormView.swift */; };
		70FBEF4B2C54CB48004FDA53 /* Gender.swift in Sources */ = {isa = PBXBuildFile; fileRef = 70FBEF4A2C54CB48004FDA53 /* Gender.swift */; };
		70FBEF4D2C54D007004FDA53 /* Allergies.swift in Sources */ = {isa = PBXBuildFile; fileRef = 70FBEF4C2C54D007004FDA53 /* Allergies.swift */; };
		70FBEF4F2C54D19B004FDA53 /* BigFrameTextFieldView.swift in Sources */ = {isa = PBXBuildFile; fileRef = 70FBEF4E2C54D19B004FDA53 /* BigFrameTextFieldView.swift */; };
		70FBEF512C54DDF7004FDA53 /* MedicalSpeality.swift in Sources */ = {isa = PBXBuildFile; fileRef = 70FBEF502C54DDF7004FDA53 /* MedicalSpeality.swift */; };
		70FBEF532C54E1E1004FDA53 /* HomeView.swift in Sources */ = {isa = PBXBuildFile; fileRef = 70FBEF522C54E1E1004FDA53 /* HomeView.swift */; };
		70FBEF552C54E640004FDA53 /* SearchBarView.swift in Sources */ = {isa = PBXBuildFile; fileRef = 70FBEF542C54E640004FDA53 /* SearchBarView.swift */; };
		70FE4F212C572B0800E10A7F /* DoctorDataValidations.swift in Sources */ = {isa = PBXBuildFile; fileRef = 70FE4F202C572B0700E10A7F /* DoctorDataValidations.swift */; };
/* End PBXBuildFile section */

/* Begin PBXFileReference section */
		7005D7902C5B4D2700F6C234 /* Doctor Suffix.swift */ = {isa = PBXFileReference; lastKnownFileType = sourcecode.swift; path = "Doctor Suffix.swift"; sourceTree = "<group>"; };
		7005D7922C5B6FE000F6C234 /* PatientManager.swift */ = {isa = PBXFileReference; lastKnownFileType = sourcecode.swift; path = PatientManager.swift; sourceTree = "<group>"; };
		7005D7942C5B7C0D00F6C234 /* HashTagView.swift */ = {isa = PBXFileReference; lastKnownFileType = sourcecode.swift; path = HashTagView.swift; sourceTree = "<group>"; };
		70205E1D2C58C37100B7381B /* MyDataFrameView.swift */ = {isa = PBXFileReference; lastKnownFileType = sourcecode.swift; name = MyDataFrameView.swift; path = MedicalConnect/Users/Patient/MyDataFrameView.swift; sourceTree = SOURCE_ROOT; };
		70205E1F2C58C7C400B7381B /* MyDataView.swift */ = {isa = PBXFileReference; lastKnownFileType = sourcecode.swift; path = MyDataView.swift; sourceTree = "<group>"; };
		70205E212C58C9A500B7381B /* MyAppointmentsHistoryView.swift */ = {isa = PBXFileReference; lastKnownFileType = sourcecode.swift; path = MyAppointmentsHistoryView.swift; sourceTree = "<group>"; };
		70205E232C58C9F000B7381B /* MyAppointmentRowView.swift */ = {isa = PBXFileReference; lastKnownFileType = sourcecode.swift; name = MyAppointmentRowView.swift; path = MedicalConnect/Users/Patient/View/MyAppointmentRowView.swift; sourceTree = SOURCE_ROOT; };
		70205E252C58CDB800B7381B /* MyMedicalRecordsHistory.swift */ = {isa = PBXFileReference; lastKnownFileType = sourcecode.swift; path = MyMedicalRecordsHistory.swift; sourceTree = "<group>"; };
		70205E272C58CE9900B7381B /* AppointmentCardView.swift */ = {isa = PBXFileReference; lastKnownFileType = sourcecode.swift; name = AppointmentCardView.swift; path = MedicalConnect/Users/Patient/View/AppointmentCardView.swift; sourceTree = SOURCE_ROOT; };
		70220A442C56281100ADAA7B /* ProfileDocView.swift */ = {isa = PBXFileReference; lastKnownFileType = sourcecode.swift; path = ProfileDocView.swift; sourceTree = "<group>"; };
		702B37462C543B3D003BF42D /* Montserrat-Regular.ttf */ = {isa = PBXFileReference; lastKnownFileType = file; path = "Montserrat-Regular.ttf"; sourceTree = "<group>"; };
		702B37492C543D5F003BF42D /* Info.plist */ = {isa = PBXFileReference; lastKnownFileType = text.plist; path = Info.plist; sourceTree = "<group>"; };
		702B374A2C543D84003BF42D /* Montserrat-Bold.ttf */ = {isa = PBXFileReference; lastKnownFileType = file; path = "Montserrat-Bold.ttf"; sourceTree = "<group>"; };
		702B374C2C543D8F003BF42D /* Montserrat-SemiBold.ttf */ = {isa = PBXFileReference; lastKnownFileType = file; path = "Montserrat-SemiBold.ttf"; sourceTree = "<group>"; };
		702B37502C54581A003BF42D /* MainButtonStyle.swift */ = {isa = PBXFileReference; lastKnownFileType = sourcecode.swift; path = MainButtonStyle.swift; sourceTree = "<group>"; };
		702B37522C545B33003BF42D /* OnboardingView.swift */ = {isa = PBXFileReference; lastKnownFileType = sourcecode.swift; path = OnboardingView.swift; sourceTree = "<group>"; };
		702B37542C546911003BF42D /* TextFieldDataView.swift */ = {isa = PBXFileReference; lastKnownFileType = sourcecode.swift; path = TextFieldDataView.swift; sourceTree = "<group>"; };
		702B37562C547CA2003BF42D /* TextFieldSecurityView.swift */ = {isa = PBXFileReference; lastKnownFileType = sourcecode.swift; path = TextFieldSecurityView.swift; sourceTree = "<group>"; };
		702B37582C54807E003BF42D /* SecurityFieldTextFieldData.swift */ = {isa = PBXFileReference; lastKnownFileType = sourcecode.swift; path = SecurityFieldTextFieldData.swift; sourceTree = "<group>"; };
		702B375E2C548FAA003BF42D /* SignInWithAppleButtonStyle.swift */ = {isa = PBXFileReference; lastKnownFileType = sourcecode.swift; path = SignInWithAppleButtonStyle.swift; sourceTree = "<group>"; };
		702B37612C549C9F003BF42D /* SignUpView.swift */ = {isa = PBXFileReference; lastKnownFileType = sourcecode.swift; path = SignUpView.swift; sourceTree = "<group>"; };
		702B37632C549D80003BF42D /* UpperFrame.swift */ = {isa = PBXFileReference; lastKnownFileType = sourcecode.swift; path = UpperFrame.swift; sourceTree = "<group>"; };
		702B37652C549F8A003BF42D /* UIDeviceOrientation.swift */ = {isa = PBXFileReference; lastKnownFileType = sourcecode.swift; path = UIDeviceOrientation.swift; sourceTree = "<group>"; };
		702B37682C54BA95003BF42D /* TypeOfUsers.swift */ = {isa = PBXFileReference; lastKnownFileType = sourcecode.swift; path = TypeOfUsers.swift; sourceTree = "<group>"; };
		703A4ED62C55AE5200ECA09B /* ConfigServices.swift */ = {isa = PBXFileReference; lastKnownFileType = sourcecode.swift; path = ConfigServices.swift; sourceTree = "<group>"; };
		703A4ED82C55B1BB00ECA09B /* Service.swift */ = {isa = PBXFileReference; lastKnownFileType = sourcecode.swift; path = Service.swift; sourceTree = "<group>"; };
		703A4EDD2C55C9BC00ECA09B /* Doctor.swift */ = {isa = PBXFileReference; lastKnownFileType = sourcecode.swift; path = Doctor.swift; sourceTree = "<group>"; };
		703A4EE12C55CBB800ECA09B /* Patient.swift */ = {isa = PBXFileReference; lastKnownFileType = sourcecode.swift; path = Patient.swift; sourceTree = "<group>"; };
		703A4EE32C55CF1800ECA09B /* DoctorRowView.swift */ = {isa = PBXFileReference; lastKnownFileType = sourcecode.swift; path = DoctorRowView.swift; sourceTree = "<group>"; };
		703A4EE62C55D97A00ECA09B /* DoctorServicesCardView.swift */ = {isa = PBXFileReference; lastKnownFileType = sourcecode.swift; path = DoctorServicesCardView.swift; sourceTree = "<group>"; };
		703A4EE82C55EF0F00ECA09B /* ResultsView.swift */ = {isa = PBXFileReference; lastKnownFileType = sourcecode.swift; path = ResultsView.swift; sourceTree = "<group>"; };
		703A4EEA2C55F12200ECA09B /* CardAboutDoctorView.swift */ = {isa = PBXFileReference; lastKnownFileType = sourcecode.swift; path = CardAboutDoctorView.swift; sourceTree = "<group>"; };
		703AE8E42C52A16F007FEC4C /* MedicalConnect.app */ = {isa = PBXFileReference; explicitFileType = wrapper.application; includeInIndex = 0; path = MedicalConnect.app; sourceTree = BUILT_PRODUCTS_DIR; };
		703AE8E72C52A16F007FEC4C /* MedicalConnectApp.swift */ = {isa = PBXFileReference; lastKnownFileType = sourcecode.swift; path = MedicalConnectApp.swift; sourceTree = "<group>"; };
		703AE8E92C52A16F007FEC4C /* StartingView.swift */ = {isa = PBXFileReference; lastKnownFileType = sourcecode.swift; path = StartingView.swift; sourceTree = "<group>"; };
		703AE8EB2C52A172007FEC4C /* Assets.xcassets */ = {isa = PBXFileReference; lastKnownFileType = folder.assetcatalog; path = Assets.xcassets; sourceTree = "<group>"; };
		703AE8EE2C52A172007FEC4C /* Preview Assets.xcassets */ = {isa = PBXFileReference; lastKnownFileType = folder.assetcatalog; path = "Preview Assets.xcassets"; sourceTree = "<group>"; };
		70645B752C5C362800195C96 /* DoctorManager.swift */ = {isa = PBXFileReference; lastKnownFileType = sourcecode.swift; path = DoctorManager.swift; sourceTree = "<group>"; };
		707154702C587D960044511C /* CelendarView.swift */ = {isa = PBXFileReference; lastKnownFileType = sourcecode.swift; path = CelendarView.swift; sourceTree = "<group>"; };
		707154752C58883F0044511C /* PatientDataFrameView.swift */ = {isa = PBXFileReference; lastKnownFileType = sourcecode.swift; name = PatientDataFrameView.swift; path = MedicalConnect/Users/Patient/View/PatientDataFrameView.swift; sourceTree = SOURCE_ROOT; };
		707154772C58B8C50044511C /* MenuProfile.swift */ = {isa = PBXFileReference; lastKnownFileType = sourcecode.swift; path = MenuProfile.swift; sourceTree = "<group>"; };
		707154792C58BBE10044511C /* MyMenu.swift */ = {isa = PBXFileReference; lastKnownFileType = sourcecode.swift; path = MyMenu.swift; sourceTree = "<group>"; };
		70760D002C6B0C9000BE8B60 /* Request.swift */ = {isa = PBXFileReference; lastKnownFileType = sourcecode.swift; path = Request.swift; sourceTree = "<group>"; };
		70760D022C6B13C100BE8B60 /* NetworkError.swift */ = {isa = PBXFileReference; lastKnownFileType = sourcecode.swift; path = NetworkError.swift; sourceTree = "<group>"; };
		707CB50C2C684FD8004DF65B /* OnboardingManager.swift */ = {isa = PBXFileReference; lastKnownFileType = sourcecode.swift; path = OnboardingManager.swift; sourceTree = "<group>"; };
		70856FD02C584D96009C9B74 /* ScheduledAppointmentView.swift */ = {isa = PBXFileReference; lastKnownFileType = sourcecode.swift; name = ScheduledAppointmentView.swift; path = MedicalConnect/Test_names/Payment/MedicalConnect/Test_names/Payment/View/ScheduledAppointmentView.swift; sourceTree = SOURCE_ROOT; };
		70856FD42C58523B009C9B74 /* BacgroundMessageView.swift */ = {isa = PBXFileReference; lastKnownFileType = sourcecode.swift; path = BacgroundMessageView.swift; sourceTree = "<group>"; };
		708730462C6964CA0020FE35 /* Tag.swift */ = {isa = PBXFileReference; lastKnownFileType = sourcecode.swift; path = Tag.swift; sourceTree = "<group>"; };
		708730482C697E540020FE35 /* TagViewModel.swift */ = {isa = PBXFileReference; lastKnownFileType = sourcecode.swift; path = TagViewModel.swift; sourceTree = "<group>"; };
		7087304A2C6982650020FE35 /* TagView.swift */ = {isa = PBXFileReference; lastKnownFileType = sourcecode.swift; path = TagView.swift; sourceTree = "<group>"; };
		7087A1EC2C5992D400A3CEFB /* User.swift */ = {isa = PBXFileReference; lastKnownFileType = sourcecode.swift; path = User.swift; sourceTree = "<group>"; };
		7087A1EE2C599B1400A3CEFB /* WorkDays.swift */ = {isa = PBXFileReference; lastKnownFileType = sourcecode.swift; path = WorkDays.swift; sourceTree = "<group>"; };
		7087A1F42C59D5B400A3CEFB /* Endpoint.swift */ = {isa = PBXFileReference; lastKnownFileType = sourcecode.swift; path = Endpoint.swift; sourceTree = "<group>"; };
		7087A1F62C59D8CC00A3CEFB /* AppEnvironment.swift */ = {isa = PBXFileReference; lastKnownFileType = sourcecode.swift; path = AppEnvironment.swift; sourceTree = "<group>"; };
		7087A1F82C59D97900A3CEFB /* HTTPMethod.swift */ = {isa = PBXFileReference; lastKnownFileType = sourcecode.swift; path = HTTPMethod.swift; sourceTree = "<group>"; };
		7087A1FC2C59DA9300A3CEFB /* AllPatientEndpoints.swift */ = {isa = PBXFileReference; lastKnownFileType = sourcecode.swift; name = AllPatientEndpoints.swift; path = MedicalConnect/APIClient/AllPatientEndpoints.swift; sourceTree = SOURCE_ROOT; };
		7087A2002C5A09DD00A3CEFB /* Router.swift */ = {isa = PBXFileReference; lastKnownFileType = sourcecode.swift; path = Router.swift; sourceTree = "<group>"; };
		7087A2022C5A17A600A3CEFB /* Parser.swift */ = {isa = PBXFileReference; lastKnownFileType = sourcecode.swift; path = Parser.swift; sourceTree = "<group>"; };
		7097070C2C5D47C300CE5376 /* SchedulePayAppoinmentView.swift */ = {isa = PBXFileReference; lastKnownFileType = sourcecode.swift; path = SchedulePayAppoinmentView.swift; sourceTree = "<group>"; };
		709707102C5D4A4000CE5376 /* TotalAPagarFrameView.swift */ = {isa = PBXFileReference; lastKnownFileType = sourcecode.swift; path = TotalAPagarFrameView.swift; sourceTree = "<group>"; };
		709707122C5D4DB600CE5376 /* PaymentMethodCardView.swift */ = {isa = PBXFileReference; lastKnownFileType = sourcecode.swift; path = PaymentMethodCardView.swift; sourceTree = "<group>"; };
		709707152C5D4EDE00CE5376 /* PaymentMethod.swift */ = {isa = PBXFileReference; lastKnownFileType = sourcecode.swift; name = PaymentMethod.swift; path = MedicalConnect/Test_names/Payment/Components/PaymentMethod.swift; sourceTree = SOURCE_ROOT; };
		709707172C5D59B000CE5376 /* AppointmenManager.swift */ = {isa = PBXFileReference; lastKnownFileType = sourcecode.swift; path = AppointmenManager.swift; sourceTree = "<group>"; };
		709707192C5D5DB300CE5376 /* MyCalendarView.swift */ = {isa = PBXFileReference; lastKnownFileType = sourcecode.swift; path = MyCalendarView.swift; sourceTree = "<group>"; };
		7097071C2C5D63B600CE5376 /* Appointment.swift */ = {isa = PBXFileReference; lastKnownFileType = sourcecode.swift; name = Appointment.swift; path = MedicalConnect/Consult/Components/Appointment.swift; sourceTree = SOURCE_ROOT; };
		70C682412C5CB94500B56003 /* ServiceDetailView.swift */ = {isa = PBXFileReference; lastKnownFileType = sourcecode.swift; path = ServiceDetailView.swift; sourceTree = "<group>"; };
		70C6825D2C5CDEF700B56003 /* myMedicalStudiesHistoryView.swift */ = {isa = PBXFileReference; lastKnownFileType = sourcecode.swift; path = myMedicalStudiesHistoryView.swift; sourceTree = "<group>"; };
		70C6825F2C5CEAC500B56003 /* SearchingDoctorView.swift */ = {isa = PBXFileReference; lastKnownFileType = sourcecode.swift; path = SearchingDoctorView.swift; sourceTree = "<group>"; };
		70C7263D2C5A9F54009FB7B0 /* OnboardingRouter.swift */ = {isa = PBXFileReference; lastKnownFileType = sourcecode.swift; name = OnboardingRouter.swift; path = MedicalConnect/APIClient/OnboardingRouter.swift; sourceTree = SOURCE_ROOT; };
		70C7263F2C5AA002009FB7B0 /* Route.swift */ = {isa = PBXFileReference; lastKnownFileType = sourcecode.swift; name = Route.swift; path = MedicalConnect/APIClient/Route.swift; sourceTree = SOURCE_ROOT; };
		70C726422C5AABE0009FB7B0 /* OnbordingValidations.swift */ = {isa = PBXFileReference; lastKnownFileType = sourcecode.swift; name = OnbordingValidations.swift; path = MedicalConnect/APIClient/OnbordingValidations.swift; sourceTree = SOURCE_ROOT; };
		70C726442C5ABCBA009FB7B0 /* DataManager.swift */ = {isa = PBXFileReference; lastKnownFileType = sourcecode.swift; path = DataManager.swift; sourceTree = "<group>"; };
		70D55B4B2C5568FD0025D84D /* HeaderView.swift */ = {isa = PBXFileReference; lastKnownFileType = sourcecode.swift; path = HeaderView.swift; sourceTree = "<group>"; };
		70D55B4D2C556A1D0025D84D /* ConfigView.swift */ = {isa = PBXFileReference; lastKnownFileType = sourcecode.swift; path = ConfigView.swift; sourceTree = "<group>"; };
		70D55B4F2C556A360025D84D /* MyProfileView.swift */ = {isa = PBXFileReference; lastKnownFileType = sourcecode.swift; path = MyProfileView.swift; sourceTree = "<group>"; };
		70D55B512C556FAA0025D84D /* MainTabView.swift */ = {isa = PBXFileReference; lastKnownFileType = sourcecode.swift; path = MainTabView.swift; sourceTree = "<group>"; };
		70D9B5AD2C56C0D700E507DD /* DoctorReviewCardView.swift */ = {isa = PBXFileReference; lastKnownFileType = sourcecode.swift; path = DoctorReviewCardView.swift; sourceTree = "<group>"; };
		70D9B5AF2C56D2ED00E507DD /* Review.swift */ = {isa = PBXFileReference; lastKnownFileType = sourcecode.swift; path = Review.swift; sourceTree = "<group>"; };
		70D9B5B12C56E7C000E507DD /* DoctorEvaluationData.swift */ = {isa = PBXFileReference; lastKnownFileType = sourcecode.swift; path = DoctorEvaluationData.swift; sourceTree = "<group>"; };
		70D9B5B42C56F18D00E507DD /* TestData.swift */ = {isa = PBXFileReference; lastKnownFileType = sourcecode.swift; name = TestData.swift; path = MedicalConnect/Users/Doctor/Models/TestData.swift; sourceTree = SOURCE_ROOT; };
		70F5D0B52C6433180073BCD6 /* TabRouter.swift */ = {isa = PBXFileReference; lastKnownFileType = sourcecode.swift; name = TabRouter.swift; path = MedicalConnect/Consult/Components/TabRouter.swift; sourceTree = SOURCE_ROOT; };
		70F8D6B72C6D1BF4009AC396 /* EConnectAPIClient.swift */ = {isa = PBXFileReference; lastKnownFileType = sourcecode.swift; path = EConnectAPIClient.swift; sourceTree = "<group>"; };
		70FBEF422C54C2D1004FDA53 /* UserSignupFormView.swift */ = {isa = PBXFileReference; lastKnownFileType = sourcecode.swift; name = UserSignupFormView.swift; path = MedicalConnect/Users/UserSignupFormView.swift; sourceTree = SOURCE_ROOT; };
		70FBEF462C54C72B004FDA53 /* DoctorSignupFormView.swift */ = {isa = PBXFileReference; lastKnownFileType = sourcecode.swift; path = DoctorSignupFormView.swift; sourceTree = "<group>"; };
		70FBEF482C54CA14004FDA53 /* PatientSignupFormView.swift */ = {isa = PBXFileReference; lastKnownFileType = sourcecode.swift; path = PatientSignupFormView.swift; sourceTree = "<group>"; };
		70FBEF4A2C54CB48004FDA53 /* Gender.swift */ = {isa = PBXFileReference; lastKnownFileType = sourcecode.swift; path = Gender.swift; sourceTree = "<group>"; };
		70FBEF4C2C54D007004FDA53 /* Allergies.swift */ = {isa = PBXFileReference; lastKnownFileType = sourcecode.swift; path = Allergies.swift; sourceTree = "<group>"; };
		70FBEF4E2C54D19B004FDA53 /* BigFrameTextFieldView.swift */ = {isa = PBXFileReference; lastKnownFileType = sourcecode.swift; path = BigFrameTextFieldView.swift; sourceTree = "<group>"; };
		70FBEF502C54DDF7004FDA53 /* MedicalSpeality.swift */ = {isa = PBXFileReference; lastKnownFileType = sourcecode.swift; path = MedicalSpeality.swift; sourceTree = "<group>"; };
		70FBEF522C54E1E1004FDA53 /* HomeView.swift */ = {isa = PBXFileReference; lastKnownFileType = sourcecode.swift; path = HomeView.swift; sourceTree = "<group>"; };
		70FBEF542C54E640004FDA53 /* SearchBarView.swift */ = {isa = PBXFileReference; lastKnownFileType = sourcecode.swift; path = SearchBarView.swift; sourceTree = "<group>"; };
		70FE4F202C572B0700E10A7F /* DoctorDataValidations.swift */ = {isa = PBXFileReference; lastKnownFileType = sourcecode.swift; name = DoctorDataValidations.swift; path = MedicalConnect/Users/Doctor/Models/DoctorDataValidations.swift; sourceTree = SOURCE_ROOT; };
/* End PBXFileReference section */

/* Begin PBXFrameworksBuildPhase section */
		703AE8E12C52A16F007FEC4C /* Frameworks */ = {
			isa = PBXFrameworksBuildPhase;
			buildActionMask = 2147483647;
			files = (
			);
			runOnlyForDeploymentPostprocessing = 0;
		};
/* End PBXFrameworksBuildPhase section */

/* Begin PBXGroup section */
		702B37452C543941003BF42D /* Components */ = {
			isa = PBXGroup;
			children = (
				708730452C6964A40020FE35 /* Tags */,
				702B375D2C548EFE003BF42D /* ButtonStyles */,
				702B375A2C5480B2003BF42D /* SecurityTextField */,
				702B37542C546911003BF42D /* TextFieldDataView.swift */,
				702B37632C549D80003BF42D /* UpperFrame.swift */,
				702B37652C549F8A003BF42D /* UIDeviceOrientation.swift */,
				70FBEF4E2C54D19B004FDA53 /* BigFrameTextFieldView.swift */,
				70FBEF542C54E640004FDA53 /* SearchBarView.swift */,
				70D55B4B2C5568FD0025D84D /* HeaderView.swift */,
			);
			path = Components;
			sourceTree = "<group>";
		};
		702B37482C543CC8003BF42D /* Fonts */ = {
			isa = PBXGroup;
			children = (
				702B374C2C543D8F003BF42D /* Montserrat-SemiBold.ttf */,
				702B374A2C543D84003BF42D /* Montserrat-Bold.ttf */,
				702B37462C543B3D003BF42D /* Montserrat-Regular.ttf */,
			);
			path = Fonts;
			sourceTree = "<group>";
		};
		702B375A2C5480B2003BF42D /* SecurityTextField */ = {
			isa = PBXGroup;
			children = (
				702B37582C54807E003BF42D /* SecurityFieldTextFieldData.swift */,
				702B37562C547CA2003BF42D /* TextFieldSecurityView.swift */,
			);
			path = SecurityTextField;
			sourceTree = "<group>";
		};
		702B375D2C548EFE003BF42D /* ButtonStyles */ = {
			isa = PBXGroup;
			children = (
				702B37502C54581A003BF42D /* MainButtonStyle.swift */,
				702B375E2C548FAA003BF42D /* SignInWithAppleButtonStyle.swift */,
			);
			path = ButtonStyles;
			sourceTree = "<group>";
		};
		702B37602C549B7F003BF42D /* MainViews */ = {
			isa = PBXGroup;
			children = (
				703A4EDB2C55B8EB00ECA09B /* Onbording */,
				703A4EDA2C55B89700ECA09B /* Home */,
			);
			name = MainViews;
			path = Components/MainViews;
			sourceTree = "<group>";
		};
		702B37672C54BA4D003BF42D /* Users */ = {
			isa = PBXGroup;
			children = (
				7087A1F02C599EA500A3CEFB /* User */,
				702B37682C54BA95003BF42D /* TypeOfUsers.swift */,
				70FBEF422C54C2D1004FDA53 /* UserSignupFormView.swift */,
				70FBEF442C54C6AE004FDA53 /* Doctor */,
				702B376A2C54C160003BF42D /* Patient */,
			);
			path = Users;
			sourceTree = "<group>";
		};
		702B376A2C54C160003BF42D /* Patient */ = {
			isa = PBXGroup;
			children = (
				70F8D6B92C6D1CAF009AC396 /* ViewModel */,
				707154722C5887C40044511C /* Components */,
				703A4EE02C55CB8100ECA09B /* Models */,
				702B376D2C54C17B003BF42D /* View */,
				70FBEF4A2C54CB48004FDA53 /* Gender.swift */,
				70FBEF4C2C54D007004FDA53 /* Allergies.swift */,
				707154772C58B8C50044511C /* MenuProfile.swift */,
				707154792C58BBE10044511C /* MyMenu.swift */,
			);
			path = Patient;
			sourceTree = "<group>";
		};
		702B376D2C54C17B003BF42D /* View */ = {
			isa = PBXGroup;
			children = (
				70FBEF482C54CA14004FDA53 /* PatientSignupFormView.swift */,
				70205E1F2C58C7C400B7381B /* MyDataView.swift */,
				70205E212C58C9A500B7381B /* MyAppointmentsHistoryView.swift */,
				70205E252C58CDB800B7381B /* MyMedicalRecordsHistory.swift */,
				70C6825D2C5CDEF700B56003 /* myMedicalStudiesHistoryView.swift */,
			);
			path = View;
			sourceTree = "<group>";
		};
		703A4ED52C55AE0E00ECA09B /* Config */ = {
			isa = PBXGroup;
			children = (
				703A4EDC2C55C16900ECA09B /* Views */,
				703A4ED62C55AE5200ECA09B /* ConfigServices.swift */,
				703A4ED82C55B1BB00ECA09B /* Service.swift */,
			);
			path = Config;
			sourceTree = "<group>";
		};
		703A4EDA2C55B89700ECA09B /* Home */ = {
			isa = PBXGroup;
			children = (
				70D55B4F2C556A360025D84D /* MyProfileView.swift */,
				70D55B512C556FAA0025D84D /* MainTabView.swift */,
				70D55B4D2C556A1D0025D84D /* ConfigView.swift */,
				70FBEF522C54E1E1004FDA53 /* HomeView.swift */,
				703A4EE82C55EF0F00ECA09B /* ResultsView.swift */,
			);
			path = Home;
			sourceTree = "<group>";
		};
		703A4EDB2C55B8EB00ECA09B /* Onbording */ = {
			isa = PBXGroup;
			children = (
				70C726412C5AABB1009FB7B0 /* Validations */,
				702B37522C545B33003BF42D /* OnboardingView.swift */,
				703AE8E92C52A16F007FEC4C /* StartingView.swift */,
				702B37612C549C9F003BF42D /* SignUpView.swift */,
				707CB50C2C684FD8004DF65B /* OnboardingManager.swift */,
			);
			name = Onbording;
			path = Home/Onbording;
			sourceTree = "<group>";
		};
		703A4EDC2C55C16900ECA09B /* Views */ = {
			isa = PBXGroup;
			children = (
				70C682412C5CB94500B56003 /* ServiceDetailView.swift */,
			);
			path = Views;
			sourceTree = "<group>";
		};
		703A4EDF2C55CB1D00ECA09B /* Models */ = {
			isa = PBXGroup;
			children = (
				703A4EDD2C55C9BC00ECA09B /* Doctor.swift */,
				70D9B5AF2C56D2ED00E507DD /* Review.swift */,
				70D9B5B12C56E7C000E507DD /* DoctorEvaluationData.swift */,
			);
			path = Models;
			sourceTree = "<group>";
		};
		703A4EE02C55CB8100ECA09B /* Models */ = {
			isa = PBXGroup;
			children = (
				703A4EE12C55CBB800ECA09B /* Patient.swift */,
			);
			path = Models;
			sourceTree = "<group>";
		};
		703A4EE52C55D92900ECA09B /* Components */ = {
			isa = PBXGroup;
			children = (
				703A4EE62C55D97A00ECA09B /* DoctorServicesCardView.swift */,
				703A4EEA2C55F12200ECA09B /* CardAboutDoctorView.swift */,
				70D9B5AD2C56C0D700E507DD /* DoctorReviewCardView.swift */,
				7005D7942C5B7C0D00F6C234 /* HashTagView.swift */,
			);
			path = Components;
			sourceTree = "<group>";
		};
		703AE8DB2C52A16F007FEC4C = {
			isa = PBXGroup;
			children = (
				703AE8E62C52A16F007FEC4C /* MedicalConnect */,
				703AE8E52C52A16F007FEC4C /* Products */,
			);
			sourceTree = "<group>";
		};
		703AE8E52C52A16F007FEC4C /* Products */ = {
			isa = PBXGroup;
			children = (
				703AE8E42C52A16F007FEC4C /* MedicalConnect.app */,
			);
			name = Products;
			sourceTree = "<group>";
		};
		703AE8E62C52A16F007FEC4C /* MedicalConnect */ = {
			isa = PBXGroup;
			children = (
				7097070E2C5D498800CE5376 /* Consult */,
				70C7263C2C5A9F0F009FB7B0 /* Navigation */,
				7087A1F32C59CC5700A3CEFB /* APIClient */,
				70856FCF2C584B0B009C9B74 /* Payment */,
				70D9B5B32C56F15E00E507DD /* Test_names */,
				703A4ED52C55AE0E00ECA09B /* Config */,
				702B37492C543D5F003BF42D /* Info.plist */,
				702B37672C54BA4D003BF42D /* Users */,
				702B37602C549B7F003BF42D /* MainViews */,
				702B37452C543941003BF42D /* Components */,
				703AE8E72C52A16F007FEC4C /* MedicalConnectApp.swift */,
				703AE8EB2C52A172007FEC4C /* Assets.xcassets */,
				702B37482C543CC8003BF42D /* Fonts */,
				703AE8ED2C52A172007FEC4C /* Preview Content */,
			);
			path = MedicalConnect;
			sourceTree = "<group>";
		};
		703AE8ED2C52A172007FEC4C /* Preview Content */ = {
			isa = PBXGroup;
			children = (
				703AE8EE2C52A172007FEC4C /* Preview Assets.xcassets */,
			);
			path = "Preview Content";
			sourceTree = "<group>";
		};
		707154722C5887C40044511C /* Components */ = {
			isa = PBXGroup;
			children = (
				707154752C58883F0044511C /* PatientDataFrameView.swift */,
				70205E1D2C58C37100B7381B /* MyDataFrameView.swift */,
				70205E232C58C9F000B7381B /* MyAppointmentRowView.swift */,
				70205E272C58CE9900B7381B /* AppointmentCardView.swift */,
			);
			name = Components;
			path = Models/Components;
			sourceTree = "<group>";
		};
		70856FCF2C584B0B009C9B74 /* Payment */ = {
			isa = PBXGroup;
			children = (
				709707142C5D4EB200CE5376 /* Model */,
				70856FD32C5851E2009C9B74 /* Components */,
				70856FD22C584D9F009C9B74 /* View */,
			);
			name = Payment;
			path = Test_names/Payment;
			sourceTree = "<group>";
		};
		70856FD22C584D9F009C9B74 /* View */ = {
			isa = PBXGroup;
			children = (
				70856FD02C584D96009C9B74 /* ScheduledAppointmentView.swift */,
			);
			name = View;
			path = MedicalConnect/Test_names/Payment/View;
			sourceTree = "<group>";
		};
		70856FD32C5851E2009C9B74 /* Components */ = {
			isa = PBXGroup;
			children = (
				70856FD42C58523B009C9B74 /* BacgroundMessageView.swift */,
				707154702C587D960044511C /* CelendarView.swift */,
				709707122C5D4DB600CE5376 /* PaymentMethodCardView.swift */,
			);
			path = Components;
			sourceTree = "<group>";
		};
		708730452C6964A40020FE35 /* Tags */ = {
			isa = PBXGroup;
			children = (
				708730462C6964CA0020FE35 /* Tag.swift */,
				708730482C697E540020FE35 /* TagViewModel.swift */,
				7087304A2C6982650020FE35 /* TagView.swift */,
			);
			path = Tags;
			sourceTree = "<group>";
		};
		7087A1F02C599EA500A3CEFB /* User */ = {
			isa = PBXGroup;
			children = (
				7087A1F22C59C2B900A3CEFB /* Repository */,
				7087A1F12C599EC900A3CEFB /* Model */,
				70C726442C5ABCBA009FB7B0 /* DataManager.swift */,
			);
			path = User;
			sourceTree = "<group>";
		};
		7087A1F12C599EC900A3CEFB /* Model */ = {
			isa = PBXGroup;
			children = (
				7087A1EC2C5992D400A3CEFB /* User.swift */,
			);
			name = Model;
			path = ../Doctor/Model;
			sourceTree = "<group>";
		};
		7087A1F22C59C2B900A3CEFB /* Repository */ = {
			isa = PBXGroup;
			children = (
			);
			path = Repository;
			sourceTree = "<group>";
		};
		7087A1F32C59CC5700A3CEFB /* APIClient */ = {
			isa = PBXGroup;
			children = (
				70944E0B2C6C0351009B8B34 /* APIComponents */,
				7087A1FA2C59D9BD00A3CEFB /* PatientEndpoints */,
				7087A1FB2C59D9E600A3CEFB /* DoctorEndpoints */,
				70F8D6B72C6D1BF4009AC396 /* EConnectAPIClient.swift */,
			);
			path = APIClient;
			sourceTree = "<group>";
		};
		7087A1FA2C59D9BD00A3CEFB /* PatientEndpoints */ = {
			isa = PBXGroup;
			children = (
				7087A1FC2C59DA9300A3CEFB /* AllPatientEndpoints.swift */,
			);
			name = PatientEndpoints;
			path = Patient/MedicalConnect/APIClient/Patient/DoctorEndpoints/PatientEndpoints;
			sourceTree = "<group>";
		};
		7087A1FB2C59D9E600A3CEFB /* DoctorEndpoints */ = {
			isa = PBXGroup;
			children = (
			);
			name = DoctorEndpoints;
			path = Patient/MedicalConnect/APIClient/Patient/DoctorEndpoints;
			sourceTree = "<group>";
		};
		70944E0B2C6C0351009B8B34 /* APIComponents */ = {
			isa = PBXGroup;
			children = (
				7087A1F82C59D97900A3CEFB /* HTTPMethod.swift */,
				7087A1F62C59D8CC00A3CEFB /* AppEnvironment.swift */,
				7087A1F42C59D5B400A3CEFB /* Endpoint.swift */,
				7087A2002C5A09DD00A3CEFB /* Router.swift */,
				7087A2022C5A17A600A3CEFB /* Parser.swift */,
				70760D022C6B13C100BE8B60 /* NetworkError.swift */,
				70760D002C6B0C9000BE8B60 /* Request.swift */,
			);
			name = APIComponents;
			path = ../Navigation/APIComponents;
			sourceTree = "<group>";
		};
		7097070E2C5D498800CE5376 /* Consult */ = {
			isa = PBXGroup;
			children = (
				7097071B2C5D62A900CE5376 /* Model */,
				7097070F2C5D49BC00CE5376 /* Components */,
				7097070C2C5D47C300CE5376 /* SchedulePayAppoinmentView.swift */,
				709707172C5D59B000CE5376 /* AppointmenManager.swift */,
			);
			path = Consult;
			sourceTree = "<group>";
		};
		7097070F2C5D49BC00CE5376 /* Components */ = {
			isa = PBXGroup;
			children = (
				709707102C5D4A4000CE5376 /* TotalAPagarFrameView.swift */,
				709707192C5D5DB300CE5376 /* MyCalendarView.swift */,
			);
			path = Components;
			sourceTree = "<group>";
		};
		709707142C5D4EB200CE5376 /* Model */ = {
			isa = PBXGroup;
			children = (
				709707152C5D4EDE00CE5376 /* PaymentMethod.swift */,
			);
			path = Model;
			sourceTree = "<group>";
		};
		7097071B2C5D62A900CE5376 /* Model */ = {
			isa = PBXGroup;
			children = (
				7097071C2C5D63B600CE5376 /* Appointment.swift */,
			);
			path = Model;
			sourceTree = "<group>";
		};
		70C7263C2C5A9F0F009FB7B0 /* Navigation */ = {
			isa = PBXGroup;
			children = (
				70C7263D2C5A9F54009FB7B0 /* OnboardingRouter.swift */,
				70C7263F2C5AA002009FB7B0 /* Route.swift */,
				70F5D0B52C6433180073BCD6 /* TabRouter.swift */,
			);
			path = Navigation;
			sourceTree = "<group>";
		};
		70C726412C5AABB1009FB7B0 /* Validations */ = {
			isa = PBXGroup;
			children = (
				70C726422C5AABE0009FB7B0 /* OnbordingValidations.swift */,
			);
			name = Validations;
			path = ../../../../Validations;
			sourceTree = "<group>";
		};
		70D9B5B32C56F15E00E507DD /* Test_names */ = {
			isa = PBXGroup;
			children = (
				70D9B5B42C56F18D00E507DD /* TestData.swift */,
			);
			path = Test_names;
			sourceTree = "<group>";
		};
		70F8D6B92C6D1CAF009AC396 /* ViewModel */ = {
			isa = PBXGroup;
			children = (
				7005D7922C5B6FE000F6C234 /* PatientManager.swift */,
			);
			path = ViewModel;
			sourceTree = "<group>";
		};
		70FBEF442C54C6AE004FDA53 /* Doctor */ = {
			isa = PBXGroup;
			children = (
				70FE4F1F2C572AE100E10A7F /* Management */,
				703A4EE52C55D92900ECA09B /* Components */,
				703A4EDF2C55CB1D00ECA09B /* Models */,
				70FBEF452C54C6E8004FDA53 /* View */,
				70FBEF502C54DDF7004FDA53 /* MedicalSpeality.swift */,
				7087A1EE2C599B1400A3CEFB /* WorkDays.swift */,
				7005D7902C5B4D2700F6C234 /* Doctor Suffix.swift */,
				70645B752C5C362800195C96 /* DoctorManager.swift */,
			);
			path = Doctor;
			sourceTree = "<group>";
		};
		70FBEF452C54C6E8004FDA53 /* View */ = {
			isa = PBXGroup;
			children = (
				70FBEF462C54C72B004FDA53 /* DoctorSignupFormView.swift */,
				703A4EE32C55CF1800ECA09B /* DoctorRowView.swift */,
				70220A442C56281100ADAA7B /* ProfileDocView.swift */,
				70C6825F2C5CEAC500B56003 /* SearchingDoctorView.swift */,
			);
			name = View;
			path = ../View;
			sourceTree = "<group>";
		};
		70FE4F1F2C572AE100E10A7F /* Management */ = {
			isa = PBXGroup;
			children = (
				70FE4F202C572B0700E10A7F /* DoctorDataValidations.swift */,
			);
			path = Management;
			sourceTree = "<group>";
		};
/* End PBXGroup section */

/* Begin PBXNativeTarget section */
		703AE8E32C52A16F007FEC4C /* MedicalConnect */ = {
			isa = PBXNativeTarget;
			buildConfigurationList = 703AE8F22C52A172007FEC4C /* Build configuration list for PBXNativeTarget "MedicalConnect" */;
			buildPhases = (
				703AE8E02C52A16F007FEC4C /* Sources */,
				703AE8E12C52A16F007FEC4C /* Frameworks */,
				703AE8E22C52A16F007FEC4C /* Resources */,
			);
			buildRules = (
			);
			dependencies = (
			);
			name = MedicalConnect;
			productName = MedicalConnect;
			productReference = 703AE8E42C52A16F007FEC4C /* MedicalConnect.app */;
			productType = "com.apple.product-type.application";
		};
/* End PBXNativeTarget section */

/* Begin PBXProject section */
		703AE8DC2C52A16F007FEC4C /* Project object */ = {
			isa = PBXProject;
			attributes = {
				BuildIndependentTargetsInParallel = 1;
				LastSwiftUpdateCheck = 1530;
				LastUpgradeCheck = 1530;
				TargetAttributes = {
					703AE8E32C52A16F007FEC4C = {
						CreatedOnToolsVersion = 15.3;
					};
				};
			};
			buildConfigurationList = 703AE8DF2C52A16F007FEC4C /* Build configuration list for PBXProject "MedicalConnect" */;
			compatibilityVersion = "Xcode 14.0";
			developmentRegion = "es-419";
			hasScannedForEncodings = 0;
			knownRegions = (
				en,
				Base,
				"es-419",
			);
			mainGroup = 703AE8DB2C52A16F007FEC4C;
			productRefGroup = 703AE8E52C52A16F007FEC4C /* Products */;
			projectDirPath = "";
			projectRoot = "";
			targets = (
				703AE8E32C52A16F007FEC4C /* MedicalConnect */,
			);
		};
/* End PBXProject section */

/* Begin PBXResourcesBuildPhase section */
		703AE8E22C52A16F007FEC4C /* Resources */ = {
			isa = PBXResourcesBuildPhase;
			buildActionMask = 2147483647;
			files = (
				702B374B2C543D84003BF42D /* Montserrat-Bold.ttf in Resources */,
				702B37472C543B3E003BF42D /* Montserrat-Regular.ttf in Resources */,
				703AE8EF2C52A172007FEC4C /* Preview Assets.xcassets in Resources */,
				703AE8EC2C52A172007FEC4C /* Assets.xcassets in Resources */,
				702B374D2C543D8F003BF42D /* Montserrat-SemiBold.ttf in Resources */,
			);
			runOnlyForDeploymentPostprocessing = 0;
		};
/* End PBXResourcesBuildPhase section */

/* Begin PBXSourcesBuildPhase section */
		703AE8E02C52A16F007FEC4C /* Sources */ = {
			isa = PBXSourcesBuildPhase;
			buildActionMask = 2147483647;
			files = (
				70205E282C58CE9900B7381B /* AppointmentCardView.swift in Sources */,
				70C7263E2C5A9F54009FB7B0 /* OnboardingRouter.swift in Sources */,
				7071547A2C58BBE10044511C /* MyMenu.swift in Sources */,
				70FBEF492C54CA14004FDA53 /* PatientSignupFormView.swift in Sources */,
				70FBEF4F2C54D19B004FDA53 /* BigFrameTextFieldView.swift in Sources */,
				70205E262C58CDB800B7381B /* MyMedicalRecordsHistory.swift in Sources */,
				70F8D6B82C6D1BF4009AC396 /* EConnectAPIClient.swift in Sources */,
				70C726452C5ABCBA009FB7B0 /* DataManager.swift in Sources */,
				709707182C5D59B000CE5376 /* AppointmenManager.swift in Sources */,
				70D9B5B52C56F18D00E507DD /* TestData.swift in Sources */,
				703AE8EA2C52A16F007FEC4C /* StartingView.swift in Sources */,
				702B37532C545B34003BF42D /* OnboardingView.swift in Sources */,
				70205E202C58C7C400B7381B /* MyDataView.swift in Sources */,
				7087A1F52C59D5B400A3CEFB /* Endpoint.swift in Sources */,
				70205E242C58C9F000B7381B /* MyAppointmentRowView.swift in Sources */,
				7097071A2C5D5DB300CE5376 /* MyCalendarView.swift in Sources */,
				703A4EE42C55CF1800ECA09B /* DoctorRowView.swift in Sources */,
				7005D7952C5B7C0D00F6C234 /* HashTagView.swift in Sources */,
				703AE8E82C52A16F007FEC4C /* MedicalConnectApp.swift in Sources */,
				7005D7912C5B4D2700F6C234 /* Doctor Suffix.swift in Sources */,
				702B37662C549F8A003BF42D /* UIDeviceOrientation.swift in Sources */,
				70C682602C5CEAC500B56003 /* SearchingDoctorView.swift in Sources */,
				709707162C5D4EDE00CE5376 /* PaymentMethod.swift in Sources */,
				70D9B5B22C56E7C000E507DD /* DoctorEvaluationData.swift in Sources */,
				708730492C697E540020FE35 /* TagViewModel.swift in Sources */,
				703A4EE22C55CBB800ECA09B /* Patient.swift in Sources */,
				7087A2012C5A09DD00A3CEFB /* Router.swift in Sources */,
				703A4EDE2C55C9BC00ECA09B /* Doctor.swift in Sources */,
				70205E222C58C9A500B7381B /* MyAppointmentsHistoryView.swift in Sources */,
				702B37592C54807E003BF42D /* SecurityFieldTextFieldData.swift in Sources */,
				70D55B4C2C5568FD0025D84D /* HeaderView.swift in Sources */,
				7087A1F72C59D8CC00A3CEFB /* AppEnvironment.swift in Sources */,
				707154712C587D960044511C /* CelendarView.swift in Sources */,
				709707132C5D4DB600CE5376 /* PaymentMethodCardView.swift in Sources */,
				708730472C6964CA0020FE35 /* Tag.swift in Sources */,
				70FBEF512C54DDF7004FDA53 /* MedicalSpeality.swift in Sources */,
				70FBEF432C54C2D2004FDA53 /* UserSignupFormView.swift in Sources */,
				7097070D2C5D47C400CE5376 /* SchedulePayAppoinmentView.swift in Sources */,
				7087A1FD2C59DA9300A3CEFB /* AllPatientEndpoints.swift in Sources */,
				702B375F2C548FAA003BF42D /* SignInWithAppleButtonStyle.swift in Sources */,
				70FBEF552C54E640004FDA53 /* SearchBarView.swift in Sources */,
				702B37552C546911003BF42D /* TextFieldDataView.swift in Sources */,
				70FBEF4D2C54D007004FDA53 /* Allergies.swift in Sources */,
				703A4EE72C55D97A00ECA09B /* DoctorServicesCardView.swift in Sources */,
				70760D012C6B0C9000BE8B60 /* Request.swift in Sources */,
				70C726402C5AA002009FB7B0 /* Route.swift in Sources */,
				7087A2032C5A17A600A3CEFB /* Parser.swift in Sources */,
				70856FD12C584D96009C9B74 /* ScheduledAppointmentView.swift in Sources */,
				70C6825E2C5CDEF700B56003 /* myMedicalStudiesHistoryView.swift in Sources */,
				702B37642C549D80003BF42D /* UpperFrame.swift in Sources */,
				7087A1ED2C5992D400A3CEFB /* User.swift in Sources */,
				70856FD52C58523B009C9B74 /* BacgroundMessageView.swift in Sources */,
				70FBEF532C54E1E1004FDA53 /* HomeView.swift in Sources */,
				703A4ED92C55B1BB00ECA09B /* Service.swift in Sources */,
				70C682422C5CB94500B56003 /* ServiceDetailView.swift in Sources */,
				709707112C5D4A4000CE5376 /* TotalAPagarFrameView.swift in Sources */,
				70C726432C5AABE0009FB7B0 /* OnbordingValidations.swift in Sources */,
				70D55B502C556A360025D84D /* MyProfileView.swift in Sources */,
				702B37572C547CA2003BF42D /* TextFieldSecurityView.swift in Sources */,
				7087A1F92C59D97900A3CEFB /* HTTPMethod.swift in Sources */,
				707154782C58B8C50044511C /* MenuProfile.swift in Sources */,
				703A4EEB2C55F12200ECA09B /* CardAboutDoctorView.swift in Sources */,
				702B37692C54BA95003BF42D /* TypeOfUsers.swift in Sources */,
				70D55B522C556FAA0025D84D /* MainTabView.swift in Sources */,
				703A4EE92C55EF0F00ECA09B /* ResultsView.swift in Sources */,
				70220A452C56281100ADAA7B /* ProfileDocView.swift in Sources */,
				707154762C58883F0044511C /* PatientDataFrameView.swift in Sources */,
				7087A1EF2C599B1400A3CEFB /* WorkDays.swift in Sources */,
				70D55B4E2C556A1D0025D84D /* ConfigView.swift in Sources */,
				70FBEF4B2C54CB48004FDA53 /* Gender.swift in Sources */,
				702B37622C549C9F003BF42D /* SignUpView.swift in Sources */,
				707CB50D2C684FD8004DF65B /* OnboardingManager.swift in Sources */,
				70D9B5AE2C56C0D700E507DD /* DoctorReviewCardView.swift in Sources */,
				7097071D2C5D63B600CE5376 /* Appointment.swift in Sources */,
				702B37512C54581A003BF42D /* MainButtonStyle.swift in Sources */,
				70760D032C6B13C100BE8B60 /* NetworkError.swift in Sources */,
				70D9B5B02C56D2ED00E507DD /* Review.swift in Sources */,
				70FBEF472C54C72B004FDA53 /* DoctorSignupFormView.swift in Sources */,
				7087304B2C6982650020FE35 /* TagView.swift in Sources */,
				70205E1E2C58C37100B7381B /* MyDataFrameView.swift in Sources */,
				70645B762C5C362800195C96 /* DoctorManager.swift in Sources */,
				7005D7932C5B6FE000F6C234 /* PatientManager.swift in Sources */,
				70FE4F212C572B0800E10A7F /* DoctorDataValidations.swift in Sources */,
				703A4ED72C55AE5200ECA09B /* ConfigServices.swift in Sources */,
				70F5D0B62C6433180073BCD6 /* TabRouter.swift in Sources */,
			);
			runOnlyForDeploymentPostprocessing = 0;
		};
/* End PBXSourcesBuildPhase section */

/* Begin XCBuildConfiguration section */
		703AE8F02C52A172007FEC4C /* Debug */ = {
			isa = XCBuildConfiguration;
			buildSettings = {
				ALWAYS_SEARCH_USER_PATHS = NO;
				ASSETCATALOG_COMPILER_GENERATE_SWIFT_ASSET_SYMBOL_EXTENSIONS = YES;
				CLANG_ANALYZER_NONNULL = YES;
				CLANG_ANALYZER_NUMBER_OBJECT_CONVERSION = YES_AGGRESSIVE;
				CLANG_CXX_LANGUAGE_STANDARD = "gnu++20";
				CLANG_ENABLE_MODULES = YES;
				CLANG_ENABLE_OBJC_ARC = YES;
				CLANG_ENABLE_OBJC_WEAK = YES;
				CLANG_WARN_BLOCK_CAPTURE_AUTORELEASING = YES;
				CLANG_WARN_BOOL_CONVERSION = YES;
				CLANG_WARN_COMMA = YES;
				CLANG_WARN_CONSTANT_CONVERSION = YES;
				CLANG_WARN_DEPRECATED_OBJC_IMPLEMENTATIONS = YES;
				CLANG_WARN_DIRECT_OBJC_ISA_USAGE = YES_ERROR;
				CLANG_WARN_DOCUMENTATION_COMMENTS = YES;
				CLANG_WARN_EMPTY_BODY = YES;
				CLANG_WARN_ENUM_CONVERSION = YES;
				CLANG_WARN_INFINITE_RECURSION = YES;
				CLANG_WARN_INT_CONVERSION = YES;
				CLANG_WARN_NON_LITERAL_NULL_CONVERSION = YES;
				CLANG_WARN_OBJC_IMPLICIT_RETAIN_SELF = YES;
				CLANG_WARN_OBJC_LITERAL_CONVERSION = YES;
				CLANG_WARN_OBJC_ROOT_CLASS = YES_ERROR;
				CLANG_WARN_QUOTED_INCLUDE_IN_FRAMEWORK_HEADER = YES;
				CLANG_WARN_RANGE_LOOP_ANALYSIS = YES;
				CLANG_WARN_STRICT_PROTOTYPES = YES;
				CLANG_WARN_SUSPICIOUS_MOVE = YES;
				CLANG_WARN_UNGUARDED_AVAILABILITY = YES_AGGRESSIVE;
				CLANG_WARN_UNREACHABLE_CODE = YES;
				CLANG_WARN__DUPLICATE_METHOD_MATCH = YES;
				COPY_PHASE_STRIP = NO;
				DEBUG_INFORMATION_FORMAT = dwarf;
				ENABLE_STRICT_OBJC_MSGSEND = YES;
				ENABLE_TESTABILITY = YES;
				ENABLE_USER_SCRIPT_SANDBOXING = YES;
				GCC_C_LANGUAGE_STANDARD = gnu17;
				GCC_DYNAMIC_NO_PIC = NO;
				GCC_NO_COMMON_BLOCKS = YES;
				GCC_OPTIMIZATION_LEVEL = 0;
				GCC_PREPROCESSOR_DEFINITIONS = (
					"DEBUG=1",
					"$(inherited)",
				);
				GCC_WARN_64_TO_32_BIT_CONVERSION = YES;
				GCC_WARN_ABOUT_RETURN_TYPE = YES_ERROR;
				GCC_WARN_UNDECLARED_SELECTOR = YES;
				GCC_WARN_UNINITIALIZED_AUTOS = YES_AGGRESSIVE;
				GCC_WARN_UNUSED_FUNCTION = YES;
				GCC_WARN_UNUSED_VARIABLE = YES;
				IPHONEOS_DEPLOYMENT_TARGET = 17.4;
				LOCALIZATION_PREFERS_STRING_CATALOGS = YES;
				MTL_ENABLE_DEBUG_INFO = INCLUDE_SOURCE;
				MTL_FAST_MATH = YES;
				ONLY_ACTIVE_ARCH = YES;
				SDKROOT = iphoneos;
				SWIFT_ACTIVE_COMPILATION_CONDITIONS = "DEBUG $(inherited)";
				SWIFT_OPTIMIZATION_LEVEL = "-Onone";
			};
			name = Debug;
		};
		703AE8F12C52A172007FEC4C /* Release */ = {
			isa = XCBuildConfiguration;
			buildSettings = {
				ALWAYS_SEARCH_USER_PATHS = NO;
				ASSETCATALOG_COMPILER_GENERATE_SWIFT_ASSET_SYMBOL_EXTENSIONS = YES;
				CLANG_ANALYZER_NONNULL = YES;
				CLANG_ANALYZER_NUMBER_OBJECT_CONVERSION = YES_AGGRESSIVE;
				CLANG_CXX_LANGUAGE_STANDARD = "gnu++20";
				CLANG_ENABLE_MODULES = YES;
				CLANG_ENABLE_OBJC_ARC = YES;
				CLANG_ENABLE_OBJC_WEAK = YES;
				CLANG_WARN_BLOCK_CAPTURE_AUTORELEASING = YES;
				CLANG_WARN_BOOL_CONVERSION = YES;
				CLANG_WARN_COMMA = YES;
				CLANG_WARN_CONSTANT_CONVERSION = YES;
				CLANG_WARN_DEPRECATED_OBJC_IMPLEMENTATIONS = YES;
				CLANG_WARN_DIRECT_OBJC_ISA_USAGE = YES_ERROR;
				CLANG_WARN_DOCUMENTATION_COMMENTS = YES;
				CLANG_WARN_EMPTY_BODY = YES;
				CLANG_WARN_ENUM_CONVERSION = YES;
				CLANG_WARN_INFINITE_RECURSION = YES;
				CLANG_WARN_INT_CONVERSION = YES;
				CLANG_WARN_NON_LITERAL_NULL_CONVERSION = YES;
				CLANG_WARN_OBJC_IMPLICIT_RETAIN_SELF = YES;
				CLANG_WARN_OBJC_LITERAL_CONVERSION = YES;
				CLANG_WARN_OBJC_ROOT_CLASS = YES_ERROR;
				CLANG_WARN_QUOTED_INCLUDE_IN_FRAMEWORK_HEADER = YES;
				CLANG_WARN_RANGE_LOOP_ANALYSIS = YES;
				CLANG_WARN_STRICT_PROTOTYPES = YES;
				CLANG_WARN_SUSPICIOUS_MOVE = YES;
				CLANG_WARN_UNGUARDED_AVAILABILITY = YES_AGGRESSIVE;
				CLANG_WARN_UNREACHABLE_CODE = YES;
				CLANG_WARN__DUPLICATE_METHOD_MATCH = YES;
				COPY_PHASE_STRIP = NO;
				DEBUG_INFORMATION_FORMAT = "dwarf-with-dsym";
				ENABLE_NS_ASSERTIONS = NO;
				ENABLE_STRICT_OBJC_MSGSEND = YES;
				ENABLE_USER_SCRIPT_SANDBOXING = YES;
				GCC_C_LANGUAGE_STANDARD = gnu17;
				GCC_NO_COMMON_BLOCKS = YES;
				GCC_WARN_64_TO_32_BIT_CONVERSION = YES;
				GCC_WARN_ABOUT_RETURN_TYPE = YES_ERROR;
				GCC_WARN_UNDECLARED_SELECTOR = YES;
				GCC_WARN_UNINITIALIZED_AUTOS = YES_AGGRESSIVE;
				GCC_WARN_UNUSED_FUNCTION = YES;
				GCC_WARN_UNUSED_VARIABLE = YES;
				IPHONEOS_DEPLOYMENT_TARGET = 17.4;
				LOCALIZATION_PREFERS_STRING_CATALOGS = YES;
				MTL_ENABLE_DEBUG_INFO = NO;
				MTL_FAST_MATH = YES;
				SDKROOT = iphoneos;
				SWIFT_COMPILATION_MODE = wholemodule;
				VALIDATE_PRODUCT = YES;
			};
			name = Release;
		};
		703AE8F32C52A172007FEC4C /* Debug */ = {
			isa = XCBuildConfiguration;
			buildSettings = {
				ASSETCATALOG_COMPILER_APPICON_NAME = AppIcon;
				ASSETCATALOG_COMPILER_GLOBAL_ACCENT_COLOR_NAME = AccentColor;
				CODE_SIGN_STYLE = Automatic;
				CURRENT_PROJECT_VERSION = 1;
				DEVELOPMENT_ASSET_PATHS = "\"MedicalConnect/Preview Content\"";
				DEVELOPMENT_TEAM = 5UVUR3L7C9;
				ENABLE_PREVIEWS = YES;
				GENERATE_INFOPLIST_FILE = YES;
				INFOPLIST_FILE = MedicalConnect/Info.plist;
				INFOPLIST_KEY_UIApplicationSceneManifest_Generation = YES;
				INFOPLIST_KEY_UIApplicationSupportsIndirectInputEvents = YES;
				INFOPLIST_KEY_UILaunchScreen_Generation = YES;
				INFOPLIST_KEY_UISupportedInterfaceOrientations_iPad = "UIInterfaceOrientationPortrait UIInterfaceOrientationPortraitUpsideDown UIInterfaceOrientationLandscapeLeft UIInterfaceOrientationLandscapeRight";
				INFOPLIST_KEY_UISupportedInterfaceOrientations_iPhone = "UIInterfaceOrientationPortrait UIInterfaceOrientationLandscapeLeft UIInterfaceOrientationLandscapeRight";
				LD_RUNPATH_SEARCH_PATHS = (
					"$(inherited)",
					"@executable_path/Frameworks",
				);
				MARKETING_VERSION = 1.0;
				PRODUCT_BUNDLE_IDENTIFIER = com.DulceVigueras.MedicalConnect;
				PRODUCT_NAME = "$(TARGET_NAME)";
				SWIFT_EMIT_LOC_STRINGS = YES;
				SWIFT_VERSION = 5.0;
				TARGETED_DEVICE_FAMILY = "1,2";
			};
			name = Debug;
		};
		703AE8F42C52A172007FEC4C /* Release */ = {
			isa = XCBuildConfiguration;
			buildSettings = {
				ASSETCATALOG_COMPILER_APPICON_NAME = AppIcon;
				ASSETCATALOG_COMPILER_GLOBAL_ACCENT_COLOR_NAME = AccentColor;
				CODE_SIGN_STYLE = Automatic;
				CURRENT_PROJECT_VERSION = 1;
				DEVELOPMENT_ASSET_PATHS = "\"MedicalConnect/Preview Content\"";
				DEVELOPMENT_TEAM = 5UVUR3L7C9;
				ENABLE_PREVIEWS = YES;
				GENERATE_INFOPLIST_FILE = YES;
				INFOPLIST_FILE = MedicalConnect/Info.plist;
				INFOPLIST_KEY_UIApplicationSceneManifest_Generation = YES;
				INFOPLIST_KEY_UIApplicationSupportsIndirectInputEvents = YES;
				INFOPLIST_KEY_UILaunchScreen_Generation = YES;
				INFOPLIST_KEY_UISupportedInterfaceOrientations_iPad = "UIInterfaceOrientationPortrait UIInterfaceOrientationPortraitUpsideDown UIInterfaceOrientationLandscapeLeft UIInterfaceOrientationLandscapeRight";
				INFOPLIST_KEY_UISupportedInterfaceOrientations_iPhone = "UIInterfaceOrientationPortrait UIInterfaceOrientationLandscapeLeft UIInterfaceOrientationLandscapeRight";
				LD_RUNPATH_SEARCH_PATHS = (
					"$(inherited)",
					"@executable_path/Frameworks",
				);
				MARKETING_VERSION = 1.0;
				PRODUCT_BUNDLE_IDENTIFIER = com.DulceVigueras.MedicalConnect;
				PRODUCT_NAME = "$(TARGET_NAME)";
				SWIFT_EMIT_LOC_STRINGS = YES;
				SWIFT_VERSION = 5.0;
				TARGETED_DEVICE_FAMILY = "1,2";
			};
			name = Release;
		};
/* End XCBuildConfiguration section */

/* Begin XCConfigurationList section */
		703AE8DF2C52A16F007FEC4C /* Build configuration list for PBXProject "MedicalConnect" */ = {
			isa = XCConfigurationList;
			buildConfigurations = (
				703AE8F02C52A172007FEC4C /* Debug */,
				703AE8F12C52A172007FEC4C /* Release */,
			);
			defaultConfigurationIsVisible = 0;
			defaultConfigurationName = Release;
		};
		703AE8F22C52A172007FEC4C /* Build configuration list for PBXNativeTarget "MedicalConnect" */ = {
			isa = XCConfigurationList;
			buildConfigurations = (
				703AE8F32C52A172007FEC4C /* Debug */,
				703AE8F42C52A172007FEC4C /* Release */,
			);
			defaultConfigurationIsVisible = 0;
			defaultConfigurationName = Release;
		};
/* End XCConfigurationList section */
	};
	rootObject = 703AE8DC2C52A16F007FEC4C /* Project object */;
}
